// !$*UTF8*$!
{
	archiveVersion = 1;
	classes = {
	};
	objectVersion = 46;
	objects = {

/* Begin PBXBuildFile section */
		1D60589F0D05DD5A006BFB54 /* Foundation.framework in Frameworks */ = {isa = PBXBuildFile; fileRef = 1D30AB110D05D00D00671497 /* Foundation.framework */; };
		1DF5F4E00D08C38300B7A737 /* UIKit.framework in Frameworks */ = {isa = PBXBuildFile; fileRef = 1DF5F4DF0D08C38300B7A737 /* UIKit.framework */; };
		288765FD0DF74451002DB57D /* CoreGraphics.framework in Frameworks */ = {isa = PBXBuildFile; fileRef = 288765FC0DF74451002DB57D /* CoreGraphics.framework */; };
		5326AEA810A23A0500278DE6 /* CoreLocation.framework in Frameworks */ = {isa = PBXBuildFile; fileRef = 5326AEA710A23A0500278DE6 /* CoreLocation.framework */; };
		53F323EB10A20EDB00E0DAE4 /* OpenAL.framework in Frameworks */ = {isa = PBXBuildFile; fileRef = 53F323EA10A20EDB00E0DAE4 /* OpenAL.framework */; };
		914F466616AC3E1C00786D52 /* AppDelegate.mm in Sources */ = {isa = PBXBuildFile; fileRef = 914F466316AC3E1C00786D52 /* AppDelegate.mm */; };
		914F466C16AC3E2700786D52 /* ExampleOFApp.mm in Sources */ = {isa = PBXBuildFile; fileRef = 914F466916AC3E2700786D52 /* ExampleOFApp.mm */; };
		914F466D16AC3E2700786D52 /* ExampleOFAppViewController.mm in Sources */ = {isa = PBXBuildFile; fileRef = 914F466B16AC3E2700786D52 /* ExampleOFAppViewController.mm */; };
		914F467A16AC417600786D52 /* LaunchAppViewController.mm in Sources */ = {isa = PBXBuildFile; fileRef = 914F467916AC417600786D52 /* LaunchAppViewController.mm */; };
		BB16EBD20F2B2A9500518274 /* OpenGLES.framework in Frameworks */ = {isa = PBXBuildFile; fileRef = BB16EBD10F2B2A9500518274 /* OpenGLES.framework */; };
		BB16EBD90F2B2AB500518274 /* QuartzCore.framework in Frameworks */ = {isa = PBXBuildFile; fileRef = BB16EBD80F2B2AB500518274 /* QuartzCore.framework */; };
		BBE5EAB80F49AD8400F28951 /* AudioToolbox.framework in Frameworks */ = {isa = PBXBuildFile; fileRef = BBE5EAB70F49AD8400F28951 /* AudioToolbox.framework */; };
		BD110ACB16B16BD8001F2642 /* Default-568h@2x.png in Resources */ = {isa = PBXBuildFile; fileRef = BD110ACA16B16BD8001F2642 /* Default-568h@2x.png */; };
		BD4FC28316B1718900EB70BD /* iPadStoryboard.storyboard in Resources */ = {isa = PBXBuildFile; fileRef = BD4FC28216B1718900EB70BD /* iPadStoryboard.storyboard */; };
		BD4FC2B816B17AC100EB70BD /* splash.png in Resources */ = {isa = PBXBuildFile; fileRef = BD4FC2B716B17AC100EB70BD /* splash.png */; };
		BD4FC2BA16B17AD100EB70BD /* Default-Portrait@2x~ipad.png in Resources */ = {isa = PBXBuildFile; fileRef = BD4FC2B916B17AD100EB70BD /* Default-Portrait@2x~ipad.png */; };
		BD4FC2BC16B17AD500EB70BD /* Default-Portrait~ipad.png in Resources */ = {isa = PBXBuildFile; fileRef = BD4FC2BB16B17AD500EB70BD /* Default-Portrait~ipad.png */; };
		BD4FC2BE16B17BEE00EB70BD /* Default-Landscape@2x~ipad.png in Resources */ = {isa = PBXBuildFile; fileRef = BD4FC2BD16B17BEE00EB70BD /* Default-Landscape@2x~ipad.png */; };
		BD4FC2C016B17BF200EB70BD /* Default-Landscape~ipad.png in Resources */ = {isa = PBXBuildFile; fileRef = BD4FC2BF16B17BF200EB70BD /* Default-Landscape~ipad.png */; };
		BD4FC2C216B182B000EB70BD /* test72.png in Resources */ = {isa = PBXBuildFile; fileRef = BD4FC2C116B182B000EB70BD /* test72.png */; };
		BD8EE4E816B1837300706EC9 /* Infos in Resources */ = {isa = PBXBuildFile; fileRef = BD8EE4E716B1837300706EC9 /* Infos */; };
		BDEACDBE16B189FD007FCF96 /* FioritoAttractor.mm in Sources */ = {isa = PBXBuildFile; fileRef = BDEACDBC16B189FD007FCF96 /* FioritoAttractor.mm */; };
		BDEACDC316B18A97007FCF96 /* Attractor.mm in Sources */ = {isa = PBXBuildFile; fileRef = BDEACDC116B18A97007FCF96 /* Attractor.mm */; };
		BDEACDC616B18D00007FCF96 /* FioritoViewController.mm in Sources */ = {isa = PBXBuildFile; fileRef = BDEACDC516B18D00007FCF96 /* FioritoViewController.mm */; };
		E41D400B13B39D2100A75A5D /* AVFoundation.framework in Frameworks */ = {isa = PBXBuildFile; fileRef = E41D400613B39D2100A75A5D /* AVFoundation.framework */; };
		E41D400C13B39D2100A75A5D /* CoreMedia.framework in Frameworks */ = {isa = PBXBuildFile; fileRef = E41D400713B39D2100A75A5D /* CoreMedia.framework */; };
		E41D400D13B39D2100A75A5D /* CoreVideo.framework in Frameworks */ = {isa = PBXBuildFile; fileRef = E41D400813B39D2100A75A5D /* CoreVideo.framework */; };
		E41D400E13B39D2100A75A5D /* MapKit.framework in Frameworks */ = {isa = PBXBuildFile; fileRef = E41D400913B39D2100A75A5D /* MapKit.framework */; };
		E41D421413B3A95300A75A5D /* libofxiPhone_iphoneos_Debug.a in Frameworks */ = {isa = PBXBuildFile; fileRef = E41D410213B3A0D800A75A5D /* libofxiPhone_iphoneos_Debug.a */; };
		E4296CB716B69C4E00452DE5 /* PortifolioViewController.m in Sources */ = {isa = PBXBuildFile; fileRef = E4296CB516B69C4E00452DE5 /* PortifolioViewController.m */; };
		E4296CB816B69C4E00452DE5 /* PortifolioViewController.xib in Resources */ = {isa = PBXBuildFile; fileRef = E4296CB616B69C4E00452DE5 /* PortifolioViewController.xib */; };
		E4296D1216B6C5CD00452DE5 /* effe.png in Resources */ = {isa = PBXBuildFile; fileRef = E4296D1116B6C5CD00452DE5 /* effe.png */; };
		E434AD5916B7EDF800267144 /* PortifolioCell.m in Sources */ = {isa = PBXBuildFile; fileRef = E434AD5816B7EDF800267144 /* PortifolioCell.m */; };
		E448D91A16BBE65500140CAF /* TestObjectStore.m in Sources */ = {isa = PBXBuildFile; fileRef = E448D91916BBE65500140CAF /* TestObjectStore.m */; };
		E4975A1216B9466B0042C70D /* 1.png in Resources */ = {isa = PBXBuildFile; fileRef = E4975A0E16B9466B0042C70D /* 1.png */; };
		E4975A1316B9466B0042C70D /* 2.png in Resources */ = {isa = PBXBuildFile; fileRef = E4975A0F16B9466B0042C70D /* 2.png */; };
		E4975A1416B9466B0042C70D /* 3.png in Resources */ = {isa = PBXBuildFile; fileRef = E4975A1016B9466B0042C70D /* 3.png */; };
		E4975A1516B9466B0042C70D /* 4.png in Resources */ = {isa = PBXBuildFile; fileRef = E4975A1116B9466B0042C70D /* 4.png */; };
		E4975A1816B947B00042C70D /* 5.png in Resources */ = {isa = PBXBuildFile; fileRef = E4975A1616B947B00042C70D /* 5.png */; };
		E4975A1916B947B00042C70D /* 6.png in Resources */ = {isa = PBXBuildFile; fileRef = E4975A1716B947B00042C70D /* 6.png */; };

		E4975A7A16B965AC0042C70D /* PortifolioCellView.m in Sources */ = {isa = PBXBuildFile; fileRef = E4975A7916B965AC0042C70D /* PortifolioCellView.m */; };

		E4D8936E11527B74007E1F53 /* main.mm in Sources */ = {isa = PBXBuildFile; fileRef = E4D8936B11527B74007E1F53 /* main.mm */; };
		E4F50A5F16B2E90B003A1B8C /* TestObjects.m in Sources */ = {isa = PBXBuildFile; fileRef = E4F50A5E16B2E90A003A1B8C /* TestObjects.m */; };
/* End PBXBuildFile section */

/* Begin PBXContainerItemProxy section */
		E41D410113B3A0D800A75A5D /* PBXContainerItemProxy */ = {
			isa = PBXContainerItemProxy;
			containerPortal = E41D40FD13B3A0D800A75A5D /* iOS+OFLib.xcodeproj */;
			proxyType = 2;
			remoteGlobalIDString = BB24DED610DA7A3F00E9C588;
			remoteInfo = "iPhone+OF Static Library";
		};
		E41D410313B3A11300A75A5D /* PBXContainerItemProxy */ = {
			isa = PBXContainerItemProxy;
			containerPortal = E41D40FD13B3A0D800A75A5D /* iOS+OFLib.xcodeproj */;
			proxyType = 1;
			remoteGlobalIDString = BB24DE5C10DA7A3F00E9C588;
			remoteInfo = "iPhone+OF Static Library";
		};
/* End PBXContainerItemProxy section */

/* Begin PBXFileReference section */
		1D30AB110D05D00D00671497 /* Foundation.framework */ = {isa = PBXFileReference; lastKnownFileType = wrapper.framework; name = Foundation.framework; path = System/Library/Frameworks/Foundation.framework; sourceTree = SDKROOT; };
		1D6058910D05DD3D006BFB54 /* efePortfolio.app */ = {isa = PBXFileReference; explicitFileType = wrapper.application; includeInIndex = 0; path = efePortfolio.app; sourceTree = BUILT_PRODUCTS_DIR; };
		1DF5F4DF0D08C38300B7A737 /* UIKit.framework */ = {isa = PBXFileReference; lastKnownFileType = wrapper.framework; name = UIKit.framework; path = System/Library/Frameworks/UIKit.framework; sourceTree = SDKROOT; };
		288765FC0DF74451002DB57D /* CoreGraphics.framework */ = {isa = PBXFileReference; lastKnownFileType = wrapper.framework; name = CoreGraphics.framework; path = System/Library/Frameworks/CoreGraphics.framework; sourceTree = SDKROOT; };
		32CA4F630368D1EE00C91783 /* iPhone_Prefix.pch */ = {isa = PBXFileReference; fileEncoding = 4; lastKnownFileType = sourcecode.c.h; path = iPhone_Prefix.pch; sourceTree = "<group>"; };
		5326AEA710A23A0500278DE6 /* CoreLocation.framework */ = {isa = PBXFileReference; lastKnownFileType = wrapper.framework; name = CoreLocation.framework; path = System/Library/Frameworks/CoreLocation.framework; sourceTree = SDKROOT; };
		53F323EA10A20EDB00E0DAE4 /* OpenAL.framework */ = {isa = PBXFileReference; lastKnownFileType = wrapper.framework; name = OpenAL.framework; path = System/Library/Frameworks/OpenAL.framework; sourceTree = SDKROOT; };
		914F466216AC3E1C00786D52 /* AppDelegate.h */ = {isa = PBXFileReference; fileEncoding = 4; lastKnownFileType = sourcecode.c.h; path = AppDelegate.h; sourceTree = "<group>"; };
		914F466316AC3E1C00786D52 /* AppDelegate.mm */ = {isa = PBXFileReference; fileEncoding = 4; lastKnownFileType = sourcecode.cpp.objcpp; path = AppDelegate.mm; sourceTree = "<group>"; };
		914F466816AC3E2700786D52 /* ExampleOFApp.h */ = {isa = PBXFileReference; fileEncoding = 4; lastKnownFileType = sourcecode.c.h; path = ExampleOFApp.h; sourceTree = "<group>"; };
		914F466916AC3E2700786D52 /* ExampleOFApp.mm */ = {isa = PBXFileReference; fileEncoding = 4; lastKnownFileType = sourcecode.cpp.objcpp; path = ExampleOFApp.mm; sourceTree = "<group>"; };
		914F466A16AC3E2700786D52 /* ExampleOFAppViewController.h */ = {isa = PBXFileReference; fileEncoding = 4; lastKnownFileType = sourcecode.c.h; path = ExampleOFAppViewController.h; sourceTree = "<group>"; };
		914F466B16AC3E2700786D52 /* ExampleOFAppViewController.mm */ = {isa = PBXFileReference; fileEncoding = 4; lastKnownFileType = sourcecode.cpp.objcpp; path = ExampleOFAppViewController.mm; sourceTree = "<group>"; };
		914F467816AC417600786D52 /* LaunchAppViewController.h */ = {isa = PBXFileReference; fileEncoding = 4; lastKnownFileType = sourcecode.c.h; path = LaunchAppViewController.h; sourceTree = "<group>"; };
		914F467916AC417600786D52 /* LaunchAppViewController.mm */ = {isa = PBXFileReference; fileEncoding = 4; lastKnownFileType = sourcecode.cpp.objcpp; path = LaunchAppViewController.mm; sourceTree = "<group>"; };
		BB16EBD10F2B2A9500518274 /* OpenGLES.framework */ = {isa = PBXFileReference; lastKnownFileType = wrapper.framework; name = OpenGLES.framework; path = System/Library/Frameworks/OpenGLES.framework; sourceTree = SDKROOT; };
		BB16EBD80F2B2AB500518274 /* QuartzCore.framework */ = {isa = PBXFileReference; lastKnownFileType = wrapper.framework; name = QuartzCore.framework; path = System/Library/Frameworks/QuartzCore.framework; sourceTree = SDKROOT; };
		BB24DDC910DA781C00E9C588 /* ofxiphone-Info.plist */ = {isa = PBXFileReference; fileEncoding = 4; lastKnownFileType = text.plist.xml; path = "ofxiphone-Info.plist"; sourceTree = "<group>"; };
		BBE5EAB70F49AD8400F28951 /* AudioToolbox.framework */ = {isa = PBXFileReference; lastKnownFileType = wrapper.framework; name = AudioToolbox.framework; path = System/Library/Frameworks/AudioToolbox.framework; sourceTree = SDKROOT; };
		BD110ACA16B16BD8001F2642 /* Default-568h@2x.png */ = {isa = PBXFileReference; lastKnownFileType = image.png; path = "Default-568h@2x.png"; sourceTree = "<group>"; };
		BD4FC28216B1718900EB70BD /* iPadStoryboard.storyboard */ = {isa = PBXFileReference; fileEncoding = 4; lastKnownFileType = file.storyboard; path = iPadStoryboard.storyboard; sourceTree = "<group>"; };
		BD4FC2B716B17AC100EB70BD /* splash.png */ = {isa = PBXFileReference; lastKnownFileType = image.png; path = splash.png; sourceTree = "<group>"; };
		BD4FC2B916B17AD100EB70BD /* Default-Portrait@2x~ipad.png */ = {isa = PBXFileReference; lastKnownFileType = image.png; path = "Default-Portrait@2x~ipad.png"; sourceTree = "<group>"; };
		BD4FC2BB16B17AD500EB70BD /* Default-Portrait~ipad.png */ = {isa = PBXFileReference; lastKnownFileType = image.png; path = "Default-Portrait~ipad.png"; sourceTree = "<group>"; };
		BD4FC2BD16B17BEE00EB70BD /* Default-Landscape@2x~ipad.png */ = {isa = PBXFileReference; lastKnownFileType = image.png; path = "Default-Landscape@2x~ipad.png"; sourceTree = "<group>"; };
		BD4FC2BF16B17BF200EB70BD /* Default-Landscape~ipad.png */ = {isa = PBXFileReference; lastKnownFileType = image.png; path = "Default-Landscape~ipad.png"; sourceTree = "<group>"; };
		BD4FC2C116B182B000EB70BD /* test72.png */ = {isa = PBXFileReference; lastKnownFileType = image.png; path = test72.png; sourceTree = "<group>"; };
		BD8EE4E716B1837300706EC9 /* Infos */ = {isa = PBXFileReference; fileEncoding = 4; lastKnownFileType = text; path = Infos; sourceTree = "<group>"; };
		BDEACDBC16B189FD007FCF96 /* FioritoAttractor.mm */ = {isa = PBXFileReference; fileEncoding = 4; lastKnownFileType = sourcecode.cpp.objcpp; path = FioritoAttractor.mm; sourceTree = "<group>"; };
		BDEACDBD16B189FD007FCF96 /* FioritoAttractor.h */ = {isa = PBXFileReference; fileEncoding = 4; lastKnownFileType = sourcecode.c.h; path = FioritoAttractor.h; sourceTree = "<group>"; };
		BDEACDC016B18A97007FCF96 /* Attractor.h */ = {isa = PBXFileReference; fileEncoding = 4; lastKnownFileType = sourcecode.c.h; path = Attractor.h; sourceTree = "<group>"; };
		BDEACDC116B18A97007FCF96 /* Attractor.mm */ = {isa = PBXFileReference; fileEncoding = 4; lastKnownFileType = sourcecode.cpp.objcpp; path = Attractor.mm; sourceTree = "<group>"; };
		BDEACDC216B18A97007FCF96 /* Particle.h */ = {isa = PBXFileReference; fileEncoding = 4; lastKnownFileType = sourcecode.c.h; path = Particle.h; sourceTree = "<group>"; };
		BDEACDC416B18D00007FCF96 /* FioritoViewController.h */ = {isa = PBXFileReference; fileEncoding = 4; lastKnownFileType = sourcecode.c.h; path = FioritoViewController.h; sourceTree = "<group>"; };
		BDEACDC516B18D00007FCF96 /* FioritoViewController.mm */ = {isa = PBXFileReference; fileEncoding = 4; lastKnownFileType = sourcecode.cpp.objcpp; path = FioritoViewController.mm; sourceTree = "<group>"; };
		E41D3ED613B38FB500A75A5D /* Project.xcconfig */ = {isa = PBXFileReference; fileEncoding = 4; lastKnownFileType = text.xcconfig; path = Project.xcconfig; sourceTree = "<group>"; };
		E41D3EE513B3906D00A75A5D /* CoreOF.xcconfig */ = {isa = PBXFileReference; fileEncoding = 4; lastKnownFileType = text.xcconfig; name = CoreOF.xcconfig; path = ../../../libs/openFrameworksCompiled/project/ios/CoreOF.xcconfig; sourceTree = SOURCE_ROOT; };
		E41D400613B39D2100A75A5D /* AVFoundation.framework */ = {isa = PBXFileReference; lastKnownFileType = wrapper.framework; name = AVFoundation.framework; path = System/Library/Frameworks/AVFoundation.framework; sourceTree = SDKROOT; };
		E41D400713B39D2100A75A5D /* CoreMedia.framework */ = {isa = PBXFileReference; lastKnownFileType = wrapper.framework; name = CoreMedia.framework; path = System/Library/Frameworks/CoreMedia.framework; sourceTree = SDKROOT; };
		E41D400813B39D2100A75A5D /* CoreVideo.framework */ = {isa = PBXFileReference; lastKnownFileType = wrapper.framework; name = CoreVideo.framework; path = System/Library/Frameworks/CoreVideo.framework; sourceTree = SDKROOT; };
		E41D400913B39D2100A75A5D /* MapKit.framework */ = {isa = PBXFileReference; lastKnownFileType = wrapper.framework; name = MapKit.framework; path = System/Library/Frameworks/MapKit.framework; sourceTree = SDKROOT; };
		E41D40FD13B3A0D800A75A5D /* iOS+OFLib.xcodeproj */ = {isa = PBXFileReference; lastKnownFileType = "wrapper.pb-project"; name = "iOS+OFLib.xcodeproj"; path = "../../../libs/openFrameworksCompiled/project/ios/iOS+OFLib.xcodeproj"; sourceTree = SOURCE_ROOT; };
		E4296CB416B69C4E00452DE5 /* PortifolioViewController.h */ = {isa = PBXFileReference; fileEncoding = 4; lastKnownFileType = sourcecode.c.h; path = PortifolioViewController.h; sourceTree = "<group>"; };
		E4296CB516B69C4E00452DE5 /* PortifolioViewController.m */ = {isa = PBXFileReference; fileEncoding = 4; lastKnownFileType = sourcecode.c.objc; path = PortifolioViewController.m; sourceTree = "<group>"; };
		E4296CB616B69C4E00452DE5 /* PortifolioViewController.xib */ = {isa = PBXFileReference; fileEncoding = 4; lastKnownFileType = file.xib; path = PortifolioViewController.xib; sourceTree = "<group>"; };
		E4296D1116B6C5CD00452DE5 /* effe.png */ = {isa = PBXFileReference; lastKnownFileType = image.png; path = effe.png; sourceTree = "<group>"; };
		E434AD5716B7EDF800267144 /* PortifolioCell.h */ = {isa = PBXFileReference; fileEncoding = 4; lastKnownFileType = sourcecode.c.h; path = PortifolioCell.h; sourceTree = "<group>"; };
		E434AD5816B7EDF800267144 /* PortifolioCell.m */ = {isa = PBXFileReference; fileEncoding = 4; lastKnownFileType = sourcecode.c.objc; path = PortifolioCell.m; sourceTree = "<group>"; };
		E448D91816BBE65500140CAF /* TestObjectStore.h */ = {isa = PBXFileReference; fileEncoding = 4; lastKnownFileType = sourcecode.c.h; path = TestObjectStore.h; sourceTree = "<group>"; };
		E448D91916BBE65500140CAF /* TestObjectStore.m */ = {isa = PBXFileReference; fileEncoding = 4; lastKnownFileType = sourcecode.c.objc; path = TestObjectStore.m; sourceTree = "<group>"; };
		E4975A0E16B9466B0042C70D /* 1.png */ = {isa = PBXFileReference; lastKnownFileType = image.png; path = 1.png; sourceTree = "<group>"; };
		E4975A0F16B9466B0042C70D /* 2.png */ = {isa = PBXFileReference; lastKnownFileType = image.png; path = 2.png; sourceTree = "<group>"; };
		E4975A1016B9466B0042C70D /* 3.png */ = {isa = PBXFileReference; lastKnownFileType = image.png; path = 3.png; sourceTree = "<group>"; };
		E4975A1116B9466B0042C70D /* 4.png */ = {isa = PBXFileReference; lastKnownFileType = image.png; path = 4.png; sourceTree = "<group>"; };
		E4975A1616B947B00042C70D /* 5.png */ = {isa = PBXFileReference; lastKnownFileType = image.png; path = 5.png; sourceTree = "<group>"; };
		E4975A1716B947B00042C70D /* 6.png */ = {isa = PBXFileReference; lastKnownFileType = image.png; path = 6.png; sourceTree = "<group>"; };

		E4975A7816B965AC0042C70D /* PortifolioCellView.h */ = {isa = PBXFileReference; fileEncoding = 4; lastKnownFileType = sourcecode.c.h; path = PortifolioCellView.h; sourceTree = "<group>"; };
		E4975A7916B965AC0042C70D /* PortifolioCellView.m */ = {isa = PBXFileReference; fileEncoding = 4; lastKnownFileType = sourcecode.c.objc; path = PortifolioCellView.m; sourceTree = "<group>"; };

		E4A823A312561BE3002F86A2 /* CoreGraphics.framework */ = {isa = PBXFileReference; lastKnownFileType = wrapper.framework; name = CoreGraphics.framework; path = System/Library/Frameworks/CoreGraphics.framework; sourceTree = SDKROOT; };
		E4D8936B11527B74007E1F53 /* main.mm */ = {isa = PBXFileReference; fileEncoding = 4; lastKnownFileType = sourcecode.cpp.objcpp; name = main.mm; path = src/main.mm; sourceTree = SOURCE_ROOT; };
		E4F50A5D16B2E90A003A1B8C /* TestObjects.h */ = {isa = PBXFileReference; fileEncoding = 4; lastKnownFileType = sourcecode.c.h; path = TestObjects.h; sourceTree = "<group>"; };
		E4F50A5E16B2E90A003A1B8C /* TestObjects.m */ = {isa = PBXFileReference; fileEncoding = 4; lastKnownFileType = sourcecode.c.objc; path = TestObjects.m; sourceTree = "<group>"; };
/* End PBXFileReference section */

/* Begin PBXFrameworksBuildPhase section */
		1D60588F0D05DD3D006BFB54 /* Frameworks */ = {
			isa = PBXFrameworksBuildPhase;
			buildActionMask = 2147483647;
			files = (
				E41D421413B3A95300A75A5D /* libofxiPhone_iphoneos_Debug.a in Frameworks */,
				1D60589F0D05DD5A006BFB54 /* Foundation.framework in Frameworks */,
				1DF5F4E00D08C38300B7A737 /* UIKit.framework in Frameworks */,
				288765FD0DF74451002DB57D /* CoreGraphics.framework in Frameworks */,
				BB16EBD20F2B2A9500518274 /* OpenGLES.framework in Frameworks */,
				BB16EBD90F2B2AB500518274 /* QuartzCore.framework in Frameworks */,
				BBE5EAB80F49AD8400F28951 /* AudioToolbox.framework in Frameworks */,
				53F323EB10A20EDB00E0DAE4 /* OpenAL.framework in Frameworks */,
				5326AEA810A23A0500278DE6 /* CoreLocation.framework in Frameworks */,
				E41D400B13B39D2100A75A5D /* AVFoundation.framework in Frameworks */,
				E41D400C13B39D2100A75A5D /* CoreMedia.framework in Frameworks */,
				E41D400D13B39D2100A75A5D /* CoreVideo.framework in Frameworks */,
				E41D400E13B39D2100A75A5D /* MapKit.framework in Frameworks */,
			);
			runOnlyForDeploymentPostprocessing = 0;
		};
/* End PBXFrameworksBuildPhase section */

/* Begin PBXGroup section */
		19C28FACFE9D520D11CA2CBB /* Products */ = {
			isa = PBXGroup;
			children = (
				1D6058910D05DD3D006BFB54 /* efePortfolio.app */,
			);
			name = Products;
			sourceTree = "<group>";
		};
		29B97314FDCFA39411CA2CEA /* CustomTemplate */ = {
			isa = PBXGroup;
			children = (
				E4975A0E16B9466B0042C70D /* 1.png */,
				E4975A0F16B9466B0042C70D /* 2.png */,
				E4975A1016B9466B0042C70D /* 3.png */,
				E4975A1116B9466B0042C70D /* 4.png */,
				E4975A1616B947B00042C70D /* 5.png */,
				E4975A1716B947B00042C70D /* 6.png */,
				E4296D1116B6C5CD00452DE5 /* effe.png */,
				BD4FC28116B1716000EB70BD /* artwork */,
				E4D8936A11527B74007E1F53 /* src */,
				BB24E1F710DAA51900E9C588 /* openFrameworks */,
				BB16F26B0F2B646B00518274 /* addons */,
				BB16E9930F2B1E5900518274 /* libs */,
				19C28FACFE9D520D11CA2CBB /* Products */,
			);
			name = CustomTemplate;
			sourceTree = "<group>";
		};
		29B97323FDCFA39411CA2CEA /* core frameworks */ = {
			isa = PBXGroup;
			children = (
				E41D400613B39D2100A75A5D /* AVFoundation.framework */,
				E41D400713B39D2100A75A5D /* CoreMedia.framework */,
				E41D400813B39D2100A75A5D /* CoreVideo.framework */,
				E41D400913B39D2100A75A5D /* MapKit.framework */,
				53F323EA10A20EDB00E0DAE4 /* OpenAL.framework */,
				E4A823A312561BE3002F86A2 /* CoreGraphics.framework */,
				BBE5EAB70F49AD8400F28951 /* AudioToolbox.framework */,
				BB16EBD80F2B2AB500518274 /* QuartzCore.framework */,
				BB16EBD10F2B2A9500518274 /* OpenGLES.framework */,
				1DF5F4DF0D08C38300B7A737 /* UIKit.framework */,
				1D30AB110D05D00D00671497 /* Foundation.framework */,
				288765FC0DF74451002DB57D /* CoreGraphics.framework */,
				5326AEA710A23A0500278DE6 /* CoreLocation.framework */,
			);
			name = "core frameworks";
			sourceTree = "<group>";
		};
		BB16E9930F2B1E5900518274 /* libs */ = {
			isa = PBXGroup;
			children = (
				BBE5E94E0F497BD800F28951 /* core */,
			);
			name = libs;
			sourceTree = "<group>";
		};
		BB16F26B0F2B646B00518274 /* addons */ = {
			isa = PBXGroup;
			children = (
			);
			name = addons;
			sourceTree = "<group>";
		};
		BB24E1F710DAA51900E9C588 /* openFrameworks */ = {
			isa = PBXGroup;
			children = (
				E41D40FD13B3A0D800A75A5D /* iOS+OFLib.xcodeproj */,
				32CA4F630368D1EE00C91783 /* iPhone_Prefix.pch */,
				BB24DDC910DA781C00E9C588 /* ofxiphone-Info.plist */,
				E41D3EE513B3906D00A75A5D /* CoreOF.xcconfig */,
				E41D3ED613B38FB500A75A5D /* Project.xcconfig */,
			);
			name = openFrameworks;
			sourceTree = "<group>";
		};
		BBE5E94E0F497BD800F28951 /* core */ = {
			isa = PBXGroup;
			children = (
				29B97323FDCFA39411CA2CEA /* core frameworks */,
			);
			name = core;
			sourceTree = "<group>";
		};
		BD4FC28116B1716000EB70BD /* artwork */ = {
			isa = PBXGroup;
			children = (
				BD4FC2BF16B17BF200EB70BD /* Default-Landscape~ipad.png */,
				BD4FC2BD16B17BEE00EB70BD /* Default-Landscape@2x~ipad.png */,
				BD4FC2BB16B17AD500EB70BD /* Default-Portrait~ipad.png */,
				BD4FC2B916B17AD100EB70BD /* Default-Portrait@2x~ipad.png */,
				BD4FC2B716B17AC100EB70BD /* splash.png */,
				BD110ACA16B16BD8001F2642 /* Default-568h@2x.png */,
				BD4FC2C116B182B000EB70BD /* test72.png */,
				BD8EE4E716B1837300706EC9 /* Infos */,
			);
			name = artwork;
			sourceTree = "<group>";
		};
		BD4FC28416B175AB00EB70BD /* viewcontrollers */ = {
			isa = PBXGroup;
			children = (
				E4296CB416B69C4E00452DE5 /* PortifolioViewController.h */,
				E4296CB516B69C4E00452DE5 /* PortifolioViewController.m */,
				E4296CB616B69C4E00452DE5 /* PortifolioViewController.xib */,
				E434AD5716B7EDF800267144 /* PortifolioCell.h */,
				E434AD5816B7EDF800267144 /* PortifolioCell.m */,
				E4975A7816B965AC0042C70D /* PortifolioCellView.h */,
				E4975A7916B965AC0042C70D /* PortifolioCellView.m */,

			);
			name = viewcontrollers;
			sourceTree = "<group>";
		};
		BDEACDBF16B18A74007FCF96 /* fioritoApp */ = {
			isa = PBXGroup;
			children = (
				BDEACDBC16B189FD007FCF96 /* FioritoAttractor.mm */,
				BDEACDBD16B189FD007FCF96 /* FioritoAttractor.h */,
				BDEACDC416B18D00007FCF96 /* FioritoViewController.h */,
				BDEACDC516B18D00007FCF96 /* FioritoViewController.mm */,
				BDEACDC016B18A97007FCF96 /* Attractor.h */,
				BDEACDC116B18A97007FCF96 /* Attractor.mm */,
				BDEACDC216B18A97007FCF96 /* Particle.h */,
			);
			name = fioritoApp;
			sourceTree = "<group>";
		};
		E41D40FE13B3A0D800A75A5D /* Products */ = {
			isa = PBXGroup;
			children = (
				E41D410213B3A0D800A75A5D /* libofxiPhone_iphoneos_Debug.a */,
			);
			name = Products;
			sourceTree = "<group>";
		};
		E4D8936A11527B74007E1F53 /* src */ = {
			isa = PBXGroup;
			children = (
				E4DCA82E16B2B1B90011BE2A /* Data */,
				BD4FC28416B175AB00EB70BD /* viewcontrollers */,
				E4D8936B11527B74007E1F53 /* main.mm */,
				BD4FC28216B1718900EB70BD /* iPadStoryboard.storyboard */,
				914F466216AC3E1C00786D52 /* AppDelegate.h */,
				914F466316AC3E1C00786D52 /* AppDelegate.mm */,
				914F467816AC417600786D52 /* LaunchAppViewController.h */,
				914F467916AC417600786D52 /* LaunchAppViewController.mm */,
				d1cfea8461b96256b1b8c57d5973712c /* openFrameworks Apps */,
			);
			path = src;
			sourceTree = SOURCE_ROOT;
		};
		E4DCA82E16B2B1B90011BE2A /* Data */ = {
			isa = PBXGroup;
			children = (
				E4F50A5D16B2E90A003A1B8C /* TestObjects.h */,
				E4F50A5E16B2E90A003A1B8C /* TestObjects.m */,
				E448D91816BBE65500140CAF /* TestObjectStore.h */,
				E448D91916BBE65500140CAF /* TestObjectStore.m */,
			);
			name = Data;
			sourceTree = "<group>";
		};
		d1cfea8461b96256b1b8c57d5973712c /* openFrameworks Apps */ = {
			isa = PBXGroup;
			children = (
				BDEACDBF16B18A74007FCF96 /* fioritoApp */,
				914F466816AC3E2700786D52 /* ExampleOFApp.h */,
				914F466916AC3E2700786D52 /* ExampleOFApp.mm */,
				914F466A16AC3E2700786D52 /* ExampleOFAppViewController.h */,
				914F466B16AC3E2700786D52 /* ExampleOFAppViewController.mm */,
			);
			name = "openFrameworks Apps";
			sourceTree = "<group>";
		};
/* End PBXGroup section */

/* Begin PBXNativeTarget section */
		1D6058900D05DD3D006BFB54 /* efePortfolio */ = {
			isa = PBXNativeTarget;
			buildConfigurationList = 1D6058960D05DD3E006BFB54 /* Build configuration list for PBXNativeTarget "efePortfolio" */;
			buildPhases = (
				1D60588D0D05DD3D006BFB54 /* Resources */,
				1D60588E0D05DD3D006BFB54 /* Sources */,
				1D60588F0D05DD3D006BFB54 /* Frameworks */,
				9255DD331112741900D6945E /* ShellScript */,
				914F466E16AC3F1A00786D52 /* ShellScript */,
			);
			buildRules = (
			);
			dependencies = (
				E41D410413B3A11300A75A5D /* PBXTargetDependency */,
			);
			name = efePortfolio;
			productName = iPhone;
			productReference = 1D6058910D05DD3D006BFB54 /* efePortfolio.app */;
			productType = "com.apple.product-type.application";
		};
/* End PBXNativeTarget section */

/* Begin PBXProject section */
		29B97313FDCFA39411CA2CEA /* Project object */ = {
			isa = PBXProject;
			attributes = {
				LastUpgradeCheck = 0450;
			};
			buildConfigurationList = C01FCF4E08A954540054247B /* Build configuration list for PBXProject "efePortfolio" */;
			compatibilityVersion = "Xcode 3.2";
			developmentRegion = English;
			hasScannedForEncodings = 1;
			knownRegions = (
				English,
				Japanese,
				French,
				German,
			);
			mainGroup = 29B97314FDCFA39411CA2CEA /* CustomTemplate */;
			projectDirPath = "";
			projectReferences = (
				{
					ProductGroup = E41D40FE13B3A0D800A75A5D /* Products */;
					ProjectRef = E41D40FD13B3A0D800A75A5D /* iOS+OFLib.xcodeproj */;
				},
			);
			projectRoot = "";
			targets = (
				1D6058900D05DD3D006BFB54 /* efePortfolio */,
			);
		};
/* End PBXProject section */

/* Begin PBXReferenceProxy section */
		E41D410213B3A0D800A75A5D /* libofxiPhone_iphoneos_Debug.a */ = {
			isa = PBXReferenceProxy;
			fileType = archive.ar;
			path = libofxiPhone_iphoneos_Debug.a;
			remoteRef = E41D410113B3A0D800A75A5D /* PBXContainerItemProxy */;
			sourceTree = BUILT_PRODUCTS_DIR;
		};
/* End PBXReferenceProxy section */

/* Begin PBXResourcesBuildPhase section */
		1D60588D0D05DD3D006BFB54 /* Resources */ = {
			isa = PBXResourcesBuildPhase;
			buildActionMask = 2147483647;
			files = (
				BD110ACB16B16BD8001F2642 /* Default-568h@2x.png in Resources */,
				BD4FC28316B1718900EB70BD /* iPadStoryboard.storyboard in Resources */,
				BD4FC2B816B17AC100EB70BD /* splash.png in Resources */,
				BD4FC2BA16B17AD100EB70BD /* Default-Portrait@2x~ipad.png in Resources */,
				BD4FC2BC16B17AD500EB70BD /* Default-Portrait~ipad.png in Resources */,
				BD4FC2BE16B17BEE00EB70BD /* Default-Landscape@2x~ipad.png in Resources */,
				BD4FC2C016B17BF200EB70BD /* Default-Landscape~ipad.png in Resources */,
				BD4FC2C216B182B000EB70BD /* test72.png in Resources */,
				BD8EE4E816B1837300706EC9 /* Infos in Resources */,
				E4296CB816B69C4E00452DE5 /* PortifolioViewController.xib in Resources */,
				E4296D1216B6C5CD00452DE5 /* effe.png in Resources */,
				E4975A1216B9466B0042C70D /* 1.png in Resources */,
				E4975A1316B9466B0042C70D /* 2.png in Resources */,
				E4975A1416B9466B0042C70D /* 3.png in Resources */,
				E4975A1516B9466B0042C70D /* 4.png in Resources */,
				E4975A1816B947B00042C70D /* 5.png in Resources */,
				E4975A1916B947B00042C70D /* 6.png in Resources */,
			);
			runOnlyForDeploymentPostprocessing = 0;
		};
/* End PBXResourcesBuildPhase section */

/* Begin PBXShellScriptBuildPhase section */
		914F466E16AC3F1A00786D52 /* ShellScript */ = {
			isa = PBXShellScriptBuildPhase;
			buildActionMask = 2147483647;
			files = (
			);
			inputPaths = (
			);
			outputPaths = (
			);
			runOnlyForDeploymentPostprocessing = 0;
			shellPath = /bin/sh;
			shellScript = "# Auto Increment Version Script\nbuildPlist=${INFOPLIST_FILE}\nCFBundleVersion=$(/usr/libexec/PlistBuddy -c \"Print CFBundleVersion\" $buildPlist)\nCFBundleVersion=$(($CFBundleVersion + 1))\n/usr/libexec/PlistBuddy -c \"Set :CFBundleVersion $CFBundleVersion\" $buildPlist\n# CFBuildDate=$(date +%Y%m%d%H%M%S)\n# /usr/libexec/PlistBuddy -c \"Set :CFBuildDate $CFBuildDate\" $buildPlist";
		};
		9255DD331112741900D6945E /* ShellScript */ = {
			isa = PBXShellScriptBuildPhase;
			buildActionMask = 2147483647;
			files = (
			);
			inputPaths = (
			);
			outputPaths = (
			);
			runOnlyForDeploymentPostprocessing = 0;
			shellPath = /bin/sh;
			shellScript = "cp -rf bin/data/ \"$TARGET_BUILD_DIR/$PRODUCT_NAME.app\"\n";
		};
/* End PBXShellScriptBuildPhase section */

/* Begin PBXSourcesBuildPhase section */
		1D60588E0D05DD3D006BFB54 /* Sources */ = {
			isa = PBXSourcesBuildPhase;
			buildActionMask = 2147483647;
			files = (
				E4D8936E11527B74007E1F53 /* main.mm in Sources */,
				914F466616AC3E1C00786D52 /* AppDelegate.mm in Sources */,
				914F466C16AC3E2700786D52 /* ExampleOFApp.mm in Sources */,
				914F466D16AC3E2700786D52 /* ExampleOFAppViewController.mm in Sources */,
				914F467A16AC417600786D52 /* LaunchAppViewController.mm in Sources */,
				BDEACDBE16B189FD007FCF96 /* FioritoAttractor.mm in Sources */,
				BDEACDC316B18A97007FCF96 /* Attractor.mm in Sources */,
				BDEACDC616B18D00007FCF96 /* FioritoViewController.mm in Sources */,
				E4F50A5F16B2E90B003A1B8C /* TestObjects.m in Sources */,
				E4296CB716B69C4E00452DE5 /* PortifolioViewController.m in Sources */,
				E434AD5916B7EDF800267144 /* PortifolioCell.m in Sources */,

				E4975A7A16B965AC0042C70D /* PortifolioCellView.m in Sources */,

				E448D91A16BBE65500140CAF /* TestObjectStore.m in Sources */,
			);
			runOnlyForDeploymentPostprocessing = 0;
		};
/* End PBXSourcesBuildPhase section */

/* Begin PBXTargetDependency section */
		E41D410413B3A11300A75A5D /* PBXTargetDependency */ = {
			isa = PBXTargetDependency;
			name = "iPhone+OF Static Library";
			targetProxy = E41D410313B3A11300A75A5D /* PBXContainerItemProxy */;
		};
/* End PBXTargetDependency section */

/* Begin XCBuildConfiguration section */
		1D6058940D05DD3E006BFB54 /* Debug */ = {
			isa = XCBuildConfiguration;
			buildSettings = {
				ALWAYS_SEARCH_USER_PATHS = NO;
				CLANG_ENABLE_OBJC_ARC = YES;
				GCC_PRECOMPILE_PREFIX_HEADER = YES;
				GCC_PREFIX_HEADER = iPhone_Prefix.pch;
				INFOPLIST_FILE = "ofxiphone-Info.plist";
				IPHONEOS_DEPLOYMENT_TARGET = 6.0;
				PRODUCT_NAME = efePortfolio;
				TARGETED_DEVICE_FAMILY = 2;
				VALID_ARCHS = "armv6 armv7";
			};
			name = Debug;
		};
		1D6058950D05DD3E006BFB54 /* Release */ = {
			isa = XCBuildConfiguration;
			buildSettings = {
				CLANG_ENABLE_OBJC_ARC = YES;
				GCC_PRECOMPILE_PREFIX_HEADER = YES;
				GCC_PREFIX_HEADER = iPhone_Prefix.pch;
				INFOPLIST_FILE = "ofxiphone-Info.plist";
				IPHONEOS_DEPLOYMENT_TARGET = 6.0;
				PRODUCT_NAME = efePortfolio;
				TARGETED_DEVICE_FAMILY = 2;
				VALID_ARCHS = "armv6 armv7";
			};
			name = Release;
		};
		C01FCF4F08A954540054247B /* Debug */ = {
			isa = XCBuildConfiguration;
			baseConfigurationReference = E41D3ED613B38FB500A75A5D /* Project.xcconfig */;
			buildSettings = {
				ALWAYS_SEARCH_USER_PATHS = YES;
				ARCHS = "$(ARCHS_STANDARD_32_BIT)";
				CODE_SIGN_IDENTITY = "";
				"CODE_SIGN_IDENTITY[sdk=iphoneos*]" = "iPhone Developer";
				COMPRESS_PNG_FILES = NO;
				GCC_C_LANGUAGE_STANDARD = c99;
				GCC_OPTIMIZATION_LEVEL = 0;
				GCC_SYMBOLS_PRIVATE_EXTERN = NO;
				GCC_WARN_ABOUT_DEPRECATED_FUNCTIONS = NO;
				GCC_WARN_ABOUT_INVALID_OFFSETOF_MACRO = NO;
				GCC_WARN_ABOUT_POINTER_SIGNEDNESS = NO;
				GCC_WARN_ABOUT_RETURN_TYPE = YES;
				GCC_WARN_ALLOW_INCOMPLETE_PROTOCOL = NO;
				GCC_WARN_PROTOTYPE_CONVERSION = NO;
				GCC_WARN_UNUSED_VARIABLE = YES;
				HEADER_SEARCH_PATHS = (
					"$(OF_CORE_HEADERS)",
					src,
					src/AppViewControllers,
					src/Apps,
					src/UI,
				);
				IPHONEOS_DEPLOYMENT_TARGET = 3.1;
				ONLY_ACTIVE_ARCH = NO;
				"PROVISIONING_PROFILE[sdk=iphoneos*]" = "";
				SDKROOT = iphoneos;
				TARGETED_DEVICE_FAMILY = 1;
				WARNING_LDFLAGS = "-no_arch_warnings";
			};
			name = Debug;
		};
		C01FCF5008A954540054247B /* Release */ = {
			isa = XCBuildConfiguration;
			baseConfigurationReference = E41D3ED613B38FB500A75A5D /* Project.xcconfig */;
			buildSettings = {
				ALWAYS_SEARCH_USER_PATHS = YES;
				ARCHS = "$(ARCHS_STANDARD_32_BIT)";
				CODE_SIGN_IDENTITY = "";
				"CODE_SIGN_IDENTITY[sdk=iphoneos*]" = "iPhone Developer";
				COMPRESS_PNG_FILES = NO;
				GCC_C_LANGUAGE_STANDARD = c99;
				GCC_DYNAMIC_NO_PIC = YES;
				GCC_GENERATE_DEBUGGING_SYMBOLS = NO;
				GCC_OPTIMIZATION_LEVEL = 3;
				GCC_SYMBOLS_PRIVATE_EXTERN = NO;
				GCC_THUMB_SUPPORT = NO;
				GCC_WARN_ABOUT_RETURN_TYPE = YES;
				GCC_WARN_UNUSED_VARIABLE = YES;
				HEADER_SEARCH_PATHS = (
					"$(OF_CORE_HEADERS)",
					src,
					src/AppViewControllers,
					src/Apps,
					src/UI,
				);
				IPHONEOS_DEPLOYMENT_TARGET = 3.1;
				ONLY_ACTIVE_ARCH = NO;
				SDKROOT = iphoneos;
				TARGETED_DEVICE_FAMILY = 1;
				WARNING_LDFLAGS = "-no_arch_warnings";
			};
			name = Release;
		};
/* End XCBuildConfiguration section */

/* Begin XCConfigurationList section */
		1D6058960D05DD3E006BFB54 /* Build configuration list for PBXNativeTarget "efePortfolio" */ = {
			isa = XCConfigurationList;
			buildConfigurations = (
				1D6058940D05DD3E006BFB54 /* Debug */,
				1D6058950D05DD3E006BFB54 /* Release */,
			);
			defaultConfigurationIsVisible = 0;
			defaultConfigurationName = Release;
		};
		C01FCF4E08A954540054247B /* Build configuration list for PBXProject "efePortfolio" */ = {
			isa = XCConfigurationList;
			buildConfigurations = (
				C01FCF4F08A954540054247B /* Debug */,
				C01FCF5008A954540054247B /* Release */,
			);
			defaultConfigurationIsVisible = 0;
			defaultConfigurationName = Release;
		};
/* End XCConfigurationList section */
	};
	rootObject = 29B97313FDCFA39411CA2CEA /* Project object */;
}
