// !$*UTF8*$!
{
	archiveVersion = 1;
	classes = {
	};
	objectVersion = 46;
	objects = {

/* Begin PBXBuildFile section */
		1D60589F0D05DD5A006BFB54 /* Foundation.framework in Frameworks */ = {isa = PBXBuildFile; fileRef = 1D30AB110D05D00D00671497 /* Foundation.framework */; };
		1DF5F4E00D08C38300B7A737 /* UIKit.framework in Frameworks */ = {isa = PBXBuildFile; fileRef = 1DF5F4DF0D08C38300B7A737 /* UIKit.framework */; };
		288765FD0DF74451002DB57D /* CoreGraphics.framework in Frameworks */ = {isa = PBXBuildFile; fileRef = 288765FC0DF74451002DB57D /* CoreGraphics.framework */; };
		5326AEA810A23A0500278DE6 /* CoreLocation.framework in Frameworks */ = {isa = PBXBuildFile; fileRef = 5326AEA710A23A0500278DE6 /* CoreLocation.framework */; };
		53F323EB10A20EDB00E0DAE4 /* OpenAL.framework in Frameworks */ = {isa = PBXBuildFile; fileRef = 53F323EA10A20EDB00E0DAE4 /* OpenAL.framework */; };
		914F466616AC3E1C00786D52 /* AppDelegate.mm in Sources */ = {isa = PBXBuildFile; fileRef = 914F466316AC3E1C00786D52 /* AppDelegate.mm */; };
		914F466C16AC3E2700786D52 /* ExampleOFApp.mm in Sources */ = {isa = PBXBuildFile; fileRef = 914F466916AC3E2700786D52 /* ExampleOFApp.mm */; };
		914F466D16AC3E2700786D52 /* ExampleOFAppViewController.mm in Sources */ = {isa = PBXBuildFile; fileRef = 914F466B16AC3E2700786D52 /* ExampleOFAppViewController.mm */; };
		914F467A16AC417600786D52 /* LaunchAppViewController.mm in Sources */ = {isa = PBXBuildFile; fileRef = 914F467916AC417600786D52 /* LaunchAppViewController.mm */; };
		BB16EBD20F2B2A9500518274 /* OpenGLES.framework in Frameworks */ = {isa = PBXBuildFile; fileRef = BB16EBD10F2B2A9500518274 /* OpenGLES.framework */; };
		BB16EBD90F2B2AB500518274 /* QuartzCore.framework in Frameworks */ = {isa = PBXBuildFile; fileRef = BB16EBD80F2B2AB500518274 /* QuartzCore.framework */; };
		BBE5EAB80F49AD8400F28951 /* AudioToolbox.framework in Frameworks */ = {isa = PBXBuildFile; fileRef = BBE5EAB70F49AD8400F28951 /* AudioToolbox.framework */; };
		BD110ACB16B16BD8001F2642 /* Default-568h@2x.png in Resources */ = {isa = PBXBuildFile; fileRef = BD110ACA16B16BD8001F2642 /* Default-568h@2x.png */; };
		BD1DFA6B16C39178004D86F9 /* ABTabBar.m in Sources */ = {isa = PBXBuildFile; fileRef = BD1DFA6616C39178004D86F9 /* ABTabBar.m */; };
		BD1DFA6C16C39178004D86F9 /* ABTabBarController.m in Sources */ = {isa = PBXBuildFile; fileRef = BD1DFA6816C39178004D86F9 /* ABTabBarController.m */; };
		BD1DFA6D16C39178004D86F9 /* AbTabBarItem.m in Sources */ = {isa = PBXBuildFile; fileRef = BD1DFA6A16C39178004D86F9 /* AbTabBarItem.m */; };
		BD1DFAA116C3938F004D86F9 /* PrettyCustomViewTableViewCell.m in Sources */ = {isa = PBXBuildFile; fileRef = BD1DFA8F16C3938F004D86F9 /* PrettyCustomViewTableViewCell.m */; };
		BD1DFAA216C3938F004D86F9 /* PrettyGridTableViewCell.m in Sources */ = {isa = PBXBuildFile; fileRef = BD1DFA9116C3938F004D86F9 /* PrettyGridTableViewCell.m */; };
		BD1DFAA316C3938F004D86F9 /* PrettySegmentedControlTableViewCell.m in Sources */ = {isa = PBXBuildFile; fileRef = BD1DFA9316C3938F004D86F9 /* PrettySegmentedControlTableViewCell.m */; };
		BD1DFAA416C3938F004D86F9 /* PrettyTableViewCell.m in Sources */ = {isa = PBXBuildFile; fileRef = BD1DFA9516C3938F004D86F9 /* PrettyTableViewCell.m */; };
		BD1DFAA516C3938F004D86F9 /* PrettyDrawing.m in Sources */ = {isa = PBXBuildFile; fileRef = BD1DFA9716C3938F004D86F9 /* PrettyDrawing.m */; };
		BD1DFAA616C3938F004D86F9 /* PrettyNavigationBar.m in Sources */ = {isa = PBXBuildFile; fileRef = BD1DFA9A16C3938F004D86F9 /* PrettyNavigationBar.m */; };
		BD1DFAA716C3938F004D86F9 /* PrettyShadowPlainTableview.m in Sources */ = {isa = PBXBuildFile; fileRef = BD1DFA9C16C3938F004D86F9 /* PrettyShadowPlainTableview.m */; };
		BD1DFAA816C3938F004D86F9 /* PrettyTabBar.m in Sources */ = {isa = PBXBuildFile; fileRef = BD1DFA9E16C3938F004D86F9 /* PrettyTabBar.m */; };
		BD1DFAA916C3938F004D86F9 /* PrettyToolbar.m in Sources */ = {isa = PBXBuildFile; fileRef = BD1DFAA016C3938F004D86F9 /* PrettyToolbar.m */; };
		BD1DFB2A16C398B8004D86F9 /* URLImageCached.m in Sources */ = {isa = PBXBuildFile; fileRef = BD1DFB2716C398B8004D86F9 /* URLImageCached.m */; };
		BD1DFB2B16C398B8004D86F9 /* URLImageLoadOperation.m in Sources */ = {isa = PBXBuildFile; fileRef = BD1DFB2916C398B8004D86F9 /* URLImageLoadOperation.m */; };
		BD1DFB3016C398ED004D86F9 /* ImageCachedTestViewController.m in Sources */ = {isa = PBXBuildFile; fileRef = BD1DFB2E16C398ED004D86F9 /* ImageCachedTestViewController.m */; };
		BD1DFB3116C398ED004D86F9 /* ImageCachedTestViewController.xib in Resources */ = {isa = PBXBuildFile; fileRef = BD1DFB2F16C398ED004D86F9 /* ImageCachedTestViewController.xib */; };
		BD1DFB3516C39F20004D86F9 /* Segoe UI.ttf in Resources */ = {isa = PBXBuildFile; fileRef = BD1DFB3416C39F20004D86F9 /* Segoe UI.ttf */; };
		BD1DFB3816C3A116004D86F9 /* AUIActivityIndicator.m in Sources */ = {isa = PBXBuildFile; fileRef = BD1DFB3716C3A116004D86F9 /* AUIActivityIndicator.m */; };
		BD1DFB3B16C3A4E8004D86F9 /* DejalActivityView.m in Sources */ = {isa = PBXBuildFile; fileRef = BD1DFB3A16C3A4E8004D86F9 /* DejalActivityView.m */; };
		BD1DFB3F16C3A626004D86F9 /* ActivityTestViewController.m in Sources */ = {isa = PBXBuildFile; fileRef = BD1DFB3D16C3A626004D86F9 /* ActivityTestViewController.m */; };
		BD1DFB4016C3A626004D86F9 /* ActivityTestViewController.xib in Resources */ = {isa = PBXBuildFile; fileRef = BD1DFB3E16C3A626004D86F9 /* ActivityTestViewController.xib */; };
		BD1DFB4516C3AF3B004D86F9 /* ModalTemplateViewController.m in Sources */ = {isa = PBXBuildFile; fileRef = BD1DFB4316C3AF39004D86F9 /* ModalTemplateViewController.m */; };
		BD1DFB4616C3AF3B004D86F9 /* ModalTemplateViewController.xib in Resources */ = {isa = PBXBuildFile; fileRef = BD1DFB4416C3AF3A004D86F9 /* ModalTemplateViewController.xib */; };
		BD1DFB4A16C3B197004D86F9 /* backgroundViews@2x.png in Resources */ = {isa = PBXBuildFile; fileRef = BD1DFB4816C3B197004D86F9 /* backgroundViews@2x.png */; };
		BD1DFB4B16C3B197004D86F9 /* backgroundViews.png in Resources */ = {isa = PBXBuildFile; fileRef = BD1DFB4916C3B197004D86F9 /* backgroundViews.png */; };
		BD1DFB4D16C3CE10004D86F9 /* GillSans.ttc in Resources */ = {isa = PBXBuildFile; fileRef = BD1DFB4C16C3CE10004D86F9 /* GillSans.ttc */; };
		BD1DFB4F16C3CE93004D86F9 /* Trebuchet MS.ttf in Resources */ = {isa = PBXBuildFile; fileRef = BD1DFB4E16C3CE93004D86F9 /* Trebuchet MS.ttf */; };
		BD1DFB5216C3E7C0004D86F9 /* AsyncImageView.m in Sources */ = {isa = PBXBuildFile; fileRef = BD1DFB5116C3E7C0004D86F9 /* AsyncImageView.m */; };
		BD1DFB5416C3E882004D86F9 /* LoadImages.plist in Resources */ = {isa = PBXBuildFile; fileRef = BD1DFB5316C3E882004D86F9 /* LoadImages.plist */; };
		BD1DFB5816C3E8FA004D86F9 /* AsyncImageLoaderTestViewController.m in Sources */ = {isa = PBXBuildFile; fileRef = BD1DFB5616C3E8FA004D86F9 /* AsyncImageLoaderTestViewController.m */; };
		BD1DFB5916C3E8FA004D86F9 /* AsyncImageLoaderTestViewController.xib in Resources */ = {isa = PBXBuildFile; fileRef = BD1DFB5716C3E8FA004D86F9 /* AsyncImageLoaderTestViewController.xib */; };
		BD1DFB5D16C3EA83004D86F9 /* PhotoDetailViewController.m in Sources */ = {isa = PBXBuildFile; fileRef = BD1DFB5B16C3EA83004D86F9 /* PhotoDetailViewController.m */; };
		BD1DFB5E16C3EA83004D86F9 /* PhotoDetailViewController.xib in Resources */ = {isa = PBXBuildFile; fileRef = BD1DFB5C16C3EA83004D86F9 /* PhotoDetailViewController.xib */; };
		BD1DFB6316C40207004D86F9 /* ScrollGalleryViewController.m in Sources */ = {isa = PBXBuildFile; fileRef = BD1DFB6116C40207004D86F9 /* ScrollGalleryViewController.m */; };
		BD1DFB6416C40207004D86F9 /* ScrollGalleryViewController.xib in Resources */ = {isa = PBXBuildFile; fileRef = BD1DFB6216C40207004D86F9 /* ScrollGalleryViewController.xib */; };
		BD1DFB6716C40263004D86F9 /* ScrollGalleryView.m in Sources */ = {isa = PBXBuildFile; fileRef = BD1DFB6616C40263004D86F9 /* ScrollGalleryView.m */; };
		BD4FC28316B1718900EB70BD /* iPadStoryboard.storyboard in Resources */ = {isa = PBXBuildFile; fileRef = BD4FC28216B1718900EB70BD /* iPadStoryboard.storyboard */; };
		BD4FC2B816B17AC100EB70BD /* splash.png in Resources */ = {isa = PBXBuildFile; fileRef = BD4FC2B716B17AC100EB70BD /* splash.png */; };
		BD4FC2BA16B17AD100EB70BD /* Default-Portrait@2x~ipad.png in Resources */ = {isa = PBXBuildFile; fileRef = BD4FC2B916B17AD100EB70BD /* Default-Portrait@2x~ipad.png */; };
		BD4FC2BC16B17AD500EB70BD /* Default-Portrait~ipad.png in Resources */ = {isa = PBXBuildFile; fileRef = BD4FC2BB16B17AD500EB70BD /* Default-Portrait~ipad.png */; };
		BD4FC2BE16B17BEE00EB70BD /* Default-Landscape@2x~ipad.png in Resources */ = {isa = PBXBuildFile; fileRef = BD4FC2BD16B17BEE00EB70BD /* Default-Landscape@2x~ipad.png */; };
		BD4FC2C016B17BF200EB70BD /* Default-Landscape~ipad.png in Resources */ = {isa = PBXBuildFile; fileRef = BD4FC2BF16B17BF200EB70BD /* Default-Landscape~ipad.png */; };
		BD667C2F16B2AE53005F959B /* test72.png in Resources */ = {isa = PBXBuildFile; fileRef = BD667C2E16B2AE53005F959B /* test72.png */; };
		BD667C6016B2CD8F005F959B /* Reachability.m in Sources */ = {isa = PBXBuildFile; fileRef = BD667C5F16B2CD8F005F959B /* Reachability.m */; };
		BD667C6216B2CDB8005F959B /* SystemConfiguration.framework in Frameworks */ = {isa = PBXBuildFile; fileRef = BD667C6116B2CDB8005F959B /* SystemConfiguration.framework */; };
		BD699D3016B27CF20028B5E0 /* SimplePopoverView.m in Sources */ = {isa = PBXBuildFile; fileRef = BD699D2F16B27CF20028B5E0 /* SimplePopoverView.m */; };
		BD699D4516B2A1CE0028B5E0 /* ParticleCl.mm in Sources */ = {isa = PBXBuildFile; fileRef = BD699D4316B2A1CE0028B5E0 /* ParticleCl.mm */; };
		BD699D4816B2A2080028B5E0 /* Perlin.mm in Sources */ = {isa = PBXBuildFile; fileRef = BD699D4716B2A2080028B5E0 /* Perlin.mm */; };
		BD699D4B16B2A2840028B5E0 /* ParticleController.mm in Sources */ = {isa = PBXBuildFile; fileRef = BD699D4A16B2A2840028B5E0 /* ParticleController.mm */; };
		BD699D4E16B2A2F90028B5E0 /* CloudViewController.mm in Sources */ = {isa = PBXBuildFile; fileRef = BD699D4D16B2A2F90028B5E0 /* CloudViewController.mm */; };
		BD699D5116B2A3B00028B5E0 /* CloudGesture.mm in Sources */ = {isa = PBXBuildFile; fileRef = BD699D4F16B2A3AF0028B5E0 /* CloudGesture.mm */; };
		BDE0B14A16C2BFF0003F1FB0 /* YouTubeViewController.m in Sources */ = {isa = PBXBuildFile; fileRef = BDE0B14816C2BFF0003F1FB0 /* YouTubeViewController.m */; };
		BDE0B14B16C2BFF0003F1FB0 /* YouTubeViewController.xib in Resources */ = {isa = PBXBuildFile; fileRef = BDE0B14916C2BFF0003F1FB0 /* YouTubeViewController.xib */; };
		BDE0B15216C2C23C003F1FB0 /* LBYouTubeExtractor.m in Sources */ = {isa = PBXBuildFile; fileRef = BDE0B14F16C2C23C003F1FB0 /* LBYouTubeExtractor.m */; };
		BDE0B15316C2C23C003F1FB0 /* LBYouTubePlayerController.m in Sources */ = {isa = PBXBuildFile; fileRef = BDE0B15116C2C23C003F1FB0 /* LBYouTubePlayerController.m */; };
		BDE30D1416B2EDF7002DA270 /* BoxesViewController.mm in Sources */ = {isa = PBXBuildFile; fileRef = BDE30D1316B2EDF7002DA270 /* BoxesViewController.mm */; };
		BDE30D1716B2EE69002DA270 /* BoxesApp.mm in Sources */ = {isa = PBXBuildFile; fileRef = BDE30D1516B2EE68002DA270 /* BoxesApp.mm */; };
		BDEACDBE16B189FD007FCF96 /* FioritoAttractor.mm in Sources */ = {isa = PBXBuildFile; fileRef = BDEACDBC16B189FD007FCF96 /* FioritoAttractor.mm */; };
		BDEACDC316B18A97007FCF96 /* Attractor.mm in Sources */ = {isa = PBXBuildFile; fileRef = BDEACDC116B18A97007FCF96 /* Attractor.mm */; };
		BDEACDC616B18D00007FCF96 /* FioritoViewController.mm in Sources */ = {isa = PBXBuildFile; fileRef = BDEACDC516B18D00007FCF96 /* FioritoViewController.mm */; };
		BDFDA92516C287840039626D /* ReachabilityTestViewController.m in Sources */ = {isa = PBXBuildFile; fileRef = BDFDA92316C287840039626D /* ReachabilityTestViewController.m */; };
		BDFDA92616C287840039626D /* ReachabilityTestViewController.xib in Resources */ = {isa = PBXBuildFile; fileRef = BDFDA92416C287840039626D /* ReachabilityTestViewController.xib */; };
		BDFDA92916C288060039626D /* TextView.m in Sources */ = {isa = PBXBuildFile; fileRef = BDFDA92816C288060039626D /* TextView.m */; };
		BDFDA92C16C288120039626D /* IdleView.m in Sources */ = {isa = PBXBuildFile; fileRef = BDFDA92B16C288120039626D /* IdleView.m */; };
		BDFDA93116C28A2A0039626D /* InfoViewController.m in Sources */ = {isa = PBXBuildFile; fileRef = BDFDA92F16C28A2A0039626D /* InfoViewController.m */; };
		BDFDA93216C28A2A0039626D /* InfoViewController.xib in Resources */ = {isa = PBXBuildFile; fileRef = BDFDA93016C28A2A0039626D /* InfoViewController.xib */; };
		BDFDA93616C29A3A0039626D /* VimeoViewController.m in Sources */ = {isa = PBXBuildFile; fileRef = BDFDA93416C29A3A0039626D /* VimeoViewController.m */; };
		BDFDA93716C29A3A0039626D /* VimeoViewController.xib in Resources */ = {isa = PBXBuildFile; fileRef = BDFDA93516C29A3A0039626D /* VimeoViewController.xib */; };
		BDFDA93C16C29AC90039626D /* MediaPlayer.framework in Frameworks */ = {isa = PBXBuildFile; fileRef = BDFDA93B16C29AC90039626D /* MediaPlayer.framework */; };
		BDFDA9FC16C2AB4B0039626D /* vimeo.js.txt in Resources */ = {isa = PBXBuildFile; fileRef = BDFDA9F916C2AB4B0039626D /* vimeo.js.txt */; };
		BDFDA9FD16C2AB4B0039626D /* VimeoHelper.m in Sources */ = {isa = PBXBuildFile; fileRef = BDFDA9FB16C2AB4B0039626D /* VimeoHelper.m */; };
		BDFDAA0116C2AF500039626D /* YouTubeJSONViewController.m in Sources */ = {isa = PBXBuildFile; fileRef = BDFDA9FF16C2AF500039626D /* YouTubeJSONViewController.m */; };
		BDFDAA0216C2AF500039626D /* YouTubeJSONViewController.xib in Resources */ = {isa = PBXBuildFile; fileRef = BDFDAA0016C2AF500039626D /* YouTubeJSONViewController.xib */; };
		BDFDAA0616C2B1750039626D /* FMYouTubeVideoSourceDetector.m in Sources */ = {isa = PBXBuildFile; fileRef = BDFDAA0516C2B1750039626D /* FMYouTubeVideoSourceDetector.m */; };
		E41D400B13B39D2100A75A5D /* AVFoundation.framework in Frameworks */ = {isa = PBXBuildFile; fileRef = E41D400613B39D2100A75A5D /* AVFoundation.framework */; };
		E41D400C13B39D2100A75A5D /* CoreMedia.framework in Frameworks */ = {isa = PBXBuildFile; fileRef = E41D400713B39D2100A75A5D /* CoreMedia.framework */; };
		E41D400D13B39D2100A75A5D /* CoreVideo.framework in Frameworks */ = {isa = PBXBuildFile; fileRef = E41D400813B39D2100A75A5D /* CoreVideo.framework */; };
		E41D400E13B39D2100A75A5D /* MapKit.framework in Frameworks */ = {isa = PBXBuildFile; fileRef = E41D400913B39D2100A75A5D /* MapKit.framework */; };
		E41D421413B3A95300A75A5D /* libofxiPhone_iphoneos_Debug.a in Frameworks */ = {isa = PBXBuildFile; fileRef = E41D410213B3A0D800A75A5D /* libofxiPhone_iphoneos_Debug.a */; };
		E4296CB716B69C4E00452DE5 /* PortifolioViewController.m in Sources */ = {isa = PBXBuildFile; fileRef = E4296CB516B69C4E00452DE5 /* PortifolioViewController.m */; };
		E4296CB816B69C4E00452DE5 /* PortifolioViewController.xib in Resources */ = {isa = PBXBuildFile; fileRef = E4296CB616B69C4E00452DE5 /* PortifolioViewController.xib */; };
		E4296D1216B6C5CD00452DE5 /* effe.png in Resources */ = {isa = PBXBuildFile; fileRef = E4296D1116B6C5CD00452DE5 /* effe.png */; };
		E434AD5916B7EDF800267144 /* PortifolioCell.m in Sources */ = {isa = PBXBuildFile; fileRef = E434AD5816B7EDF800267144 /* PortifolioCell.m */; };
		E448D91A16BBE65500140CAF /* TestObjectStore.m in Sources */ = {isa = PBXBuildFile; fileRef = E448D91916BBE65500140CAF /* TestObjectStore.m */; };
		E4975A1216B9466B0042C70D /* 1.png in Resources */ = {isa = PBXBuildFile; fileRef = E4975A0E16B9466B0042C70D /* 1.png */; };
		E4975A1316B9466B0042C70D /* 2.png in Resources */ = {isa = PBXBuildFile; fileRef = E4975A0F16B9466B0042C70D /* 2.png */; };
		E4975A1416B9466B0042C70D /* 3.png in Resources */ = {isa = PBXBuildFile; fileRef = E4975A1016B9466B0042C70D /* 3.png */; };
		E4975A1516B9466B0042C70D /* 4.png in Resources */ = {isa = PBXBuildFile; fileRef = E4975A1116B9466B0042C70D /* 4.png */; };
		E4975A1816B947B00042C70D /* 5.png in Resources */ = {isa = PBXBuildFile; fileRef = E4975A1616B947B00042C70D /* 5.png */; };
		E4975A1916B947B00042C70D /* 6.png in Resources */ = {isa = PBXBuildFile; fileRef = E4975A1716B947B00042C70D /* 6.png */; };
		E4975A7A16B965AC0042C70D /* PortifolioCellView.m in Sources */ = {isa = PBXBuildFile; fileRef = E4975A7916B965AC0042C70D /* PortifolioCellView.m */; };
		E4B894C816BFFE0400A496B0 /* InfoLog in Resources */ = {isa = PBXBuildFile; fileRef = BD8EE4E716B1837300706EC9 /* InfoLog */; };
		E4B894CD16C00DE800A496B0 /* proximityBoxes.cpp in Sources */ = {isa = PBXBuildFile; fileRef = BDE30D1816B2EE95002DA270 /* proximityBoxes.cpp */; };
		E4D8936E11527B74007E1F53 /* main.mm in Sources */ = {isa = PBXBuildFile; fileRef = E4D8936B11527B74007E1F53 /* main.mm */; };
		E4F50A5F16B2E90B003A1B8C /* TestObjects.m in Sources */ = {isa = PBXBuildFile; fileRef = E4F50A5E16B2E90A003A1B8C /* TestObjects.m */; };
/* End PBXBuildFile section */

/* Begin PBXContainerItemProxy section */
		E41D410113B3A0D800A75A5D /* PBXContainerItemProxy */ = {
			isa = PBXContainerItemProxy;
			containerPortal = E41D40FD13B3A0D800A75A5D /* iOS+OFLib.xcodeproj */;
			proxyType = 2;
			remoteGlobalIDString = BB24DED610DA7A3F00E9C588;
			remoteInfo = "iPhone+OF Static Library";
		};
		E41D410313B3A11300A75A5D /* PBXContainerItemProxy */ = {
			isa = PBXContainerItemProxy;
			containerPortal = E41D40FD13B3A0D800A75A5D /* iOS+OFLib.xcodeproj */;
			proxyType = 1;
			remoteGlobalIDString = BB24DE5C10DA7A3F00E9C588;
			remoteInfo = "iPhone+OF Static Library";
		};
/* End PBXContainerItemProxy section */

/* Begin PBXFileReference section */
		1D30AB110D05D00D00671497 /* Foundation.framework */ = {isa = PBXFileReference; lastKnownFileType = wrapper.framework; name = Foundation.framework; path = System/Library/Frameworks/Foundation.framework; sourceTree = SDKROOT; };
		1D6058910D05DD3D006BFB54 /* efePortfolio.app */ = {isa = PBXFileReference; explicitFileType = wrapper.application; includeInIndex = 0; path = efePortfolio.app; sourceTree = BUILT_PRODUCTS_DIR; };
		1DF5F4DF0D08C38300B7A737 /* UIKit.framework */ = {isa = PBXFileReference; lastKnownFileType = wrapper.framework; name = UIKit.framework; path = System/Library/Frameworks/UIKit.framework; sourceTree = SDKROOT; };
		288765FC0DF74451002DB57D /* CoreGraphics.framework */ = {isa = PBXFileReference; lastKnownFileType = wrapper.framework; name = CoreGraphics.framework; path = System/Library/Frameworks/CoreGraphics.framework; sourceTree = SDKROOT; };
		32CA4F630368D1EE00C91783 /* iPhone_Prefix.pch */ = {isa = PBXFileReference; fileEncoding = 4; lastKnownFileType = sourcecode.c.h; path = iPhone_Prefix.pch; sourceTree = "<group>"; };
		5326AEA710A23A0500278DE6 /* CoreLocation.framework */ = {isa = PBXFileReference; lastKnownFileType = wrapper.framework; name = CoreLocation.framework; path = System/Library/Frameworks/CoreLocation.framework; sourceTree = SDKROOT; };
		53F323EA10A20EDB00E0DAE4 /* OpenAL.framework */ = {isa = PBXFileReference; lastKnownFileType = wrapper.framework; name = OpenAL.framework; path = System/Library/Frameworks/OpenAL.framework; sourceTree = SDKROOT; };
		914F466216AC3E1C00786D52 /* AppDelegate.h */ = {isa = PBXFileReference; fileEncoding = 4; lastKnownFileType = sourcecode.c.h; path = AppDelegate.h; sourceTree = "<group>"; };
		914F466316AC3E1C00786D52 /* AppDelegate.mm */ = {isa = PBXFileReference; fileEncoding = 4; lastKnownFileType = sourcecode.cpp.objcpp; path = AppDelegate.mm; sourceTree = "<group>"; };
		914F466816AC3E2700786D52 /* ExampleOFApp.h */ = {isa = PBXFileReference; fileEncoding = 4; lastKnownFileType = sourcecode.c.h; path = ExampleOFApp.h; sourceTree = "<group>"; };
		914F466916AC3E2700786D52 /* ExampleOFApp.mm */ = {isa = PBXFileReference; fileEncoding = 4; lastKnownFileType = sourcecode.cpp.objcpp; path = ExampleOFApp.mm; sourceTree = "<group>"; };
		914F466A16AC3E2700786D52 /* ExampleOFAppViewController.h */ = {isa = PBXFileReference; fileEncoding = 4; lastKnownFileType = sourcecode.c.h; path = ExampleOFAppViewController.h; sourceTree = "<group>"; };
		914F466B16AC3E2700786D52 /* ExampleOFAppViewController.mm */ = {isa = PBXFileReference; fileEncoding = 4; lastKnownFileType = sourcecode.cpp.objcpp; path = ExampleOFAppViewController.mm; sourceTree = "<group>"; };
		914F467816AC417600786D52 /* LaunchAppViewController.h */ = {isa = PBXFileReference; fileEncoding = 4; lastKnownFileType = sourcecode.c.h; path = LaunchAppViewController.h; sourceTree = "<group>"; };
		914F467916AC417600786D52 /* LaunchAppViewController.mm */ = {isa = PBXFileReference; fileEncoding = 4; lastKnownFileType = sourcecode.cpp.objcpp; path = LaunchAppViewController.mm; sourceTree = "<group>"; };
		BB16EBD10F2B2A9500518274 /* OpenGLES.framework */ = {isa = PBXFileReference; lastKnownFileType = wrapper.framework; name = OpenGLES.framework; path = System/Library/Frameworks/OpenGLES.framework; sourceTree = SDKROOT; };
		BB16EBD80F2B2AB500518274 /* QuartzCore.framework */ = {isa = PBXFileReference; lastKnownFileType = wrapper.framework; name = QuartzCore.framework; path = System/Library/Frameworks/QuartzCore.framework; sourceTree = SDKROOT; };
		BB24DDC910DA781C00E9C588 /* ofxiphone-Info.plist */ = {isa = PBXFileReference; fileEncoding = 4; lastKnownFileType = text.plist.xml; path = "ofxiphone-Info.plist"; sourceTree = "<group>"; };
		BBE5EAB70F49AD8400F28951 /* AudioToolbox.framework */ = {isa = PBXFileReference; lastKnownFileType = wrapper.framework; name = AudioToolbox.framework; path = System/Library/Frameworks/AudioToolbox.framework; sourceTree = SDKROOT; };
		BD110ACA16B16BD8001F2642 /* Default-568h@2x.png */ = {isa = PBXFileReference; lastKnownFileType = image.png; path = "Default-568h@2x.png"; sourceTree = "<group>"; };
		BD1DFA6516C39178004D86F9 /* ABTabBar.h */ = {isa = PBXFileReference; fileEncoding = 4; lastKnownFileType = sourcecode.c.h; path = ABTabBar.h; sourceTree = "<group>"; };
		BD1DFA6616C39178004D86F9 /* ABTabBar.m */ = {isa = PBXFileReference; fileEncoding = 4; lastKnownFileType = sourcecode.c.objc; path = ABTabBar.m; sourceTree = "<group>"; };
		BD1DFA6716C39178004D86F9 /* ABTabBarController.h */ = {isa = PBXFileReference; fileEncoding = 4; lastKnownFileType = sourcecode.c.h; path = ABTabBarController.h; sourceTree = "<group>"; };
		BD1DFA6816C39178004D86F9 /* ABTabBarController.m */ = {isa = PBXFileReference; fileEncoding = 4; lastKnownFileType = sourcecode.c.objc; path = ABTabBarController.m; sourceTree = "<group>"; };
		BD1DFA6916C39178004D86F9 /* AbTabBarItem.h */ = {isa = PBXFileReference; fileEncoding = 4; lastKnownFileType = sourcecode.c.h; path = AbTabBarItem.h; sourceTree = "<group>"; };
		BD1DFA6A16C39178004D86F9 /* AbTabBarItem.m */ = {isa = PBXFileReference; fileEncoding = 4; lastKnownFileType = sourcecode.c.objc; path = AbTabBarItem.m; sourceTree = "<group>"; };
		BD1DFA8E16C3938F004D86F9 /* PrettyCustomViewTableViewCell.h */ = {isa = PBXFileReference; fileEncoding = 4; lastKnownFileType = sourcecode.c.h; path = PrettyCustomViewTableViewCell.h; sourceTree = "<group>"; };
		BD1DFA8F16C3938F004D86F9 /* PrettyCustomViewTableViewCell.m */ = {isa = PBXFileReference; fileEncoding = 4; lastKnownFileType = sourcecode.c.objc; path = PrettyCustomViewTableViewCell.m; sourceTree = "<group>"; };
		BD1DFA9016C3938F004D86F9 /* PrettyGridTableViewCell.h */ = {isa = PBXFileReference; fileEncoding = 4; lastKnownFileType = sourcecode.c.h; path = PrettyGridTableViewCell.h; sourceTree = "<group>"; };
		BD1DFA9116C3938F004D86F9 /* PrettyGridTableViewCell.m */ = {isa = PBXFileReference; fileEncoding = 4; lastKnownFileType = sourcecode.c.objc; path = PrettyGridTableViewCell.m; sourceTree = "<group>"; };
		BD1DFA9216C3938F004D86F9 /* PrettySegmentedControlTableViewCell.h */ = {isa = PBXFileReference; fileEncoding = 4; lastKnownFileType = sourcecode.c.h; path = PrettySegmentedControlTableViewCell.h; sourceTree = "<group>"; };
		BD1DFA9316C3938F004D86F9 /* PrettySegmentedControlTableViewCell.m */ = {isa = PBXFileReference; fileEncoding = 4; lastKnownFileType = sourcecode.c.objc; path = PrettySegmentedControlTableViewCell.m; sourceTree = "<group>"; };
		BD1DFA9416C3938F004D86F9 /* PrettyTableViewCell.h */ = {isa = PBXFileReference; fileEncoding = 4; lastKnownFileType = sourcecode.c.h; path = PrettyTableViewCell.h; sourceTree = "<group>"; };
		BD1DFA9516C3938F004D86F9 /* PrettyTableViewCell.m */ = {isa = PBXFileReference; fileEncoding = 4; lastKnownFileType = sourcecode.c.objc; path = PrettyTableViewCell.m; sourceTree = "<group>"; };
		BD1DFA9616C3938F004D86F9 /* PrettyDrawing.h */ = {isa = PBXFileReference; fileEncoding = 4; lastKnownFileType = sourcecode.c.h; path = PrettyDrawing.h; sourceTree = "<group>"; };
		BD1DFA9716C3938F004D86F9 /* PrettyDrawing.m */ = {isa = PBXFileReference; fileEncoding = 4; lastKnownFileType = sourcecode.c.objc; path = PrettyDrawing.m; sourceTree = "<group>"; };
		BD1DFA9816C3938F004D86F9 /* PrettyKit.h */ = {isa = PBXFileReference; fileEncoding = 4; lastKnownFileType = sourcecode.c.h; path = PrettyKit.h; sourceTree = "<group>"; };
		BD1DFA9916C3938F004D86F9 /* PrettyNavigationBar.h */ = {isa = PBXFileReference; fileEncoding = 4; lastKnownFileType = sourcecode.c.h; path = PrettyNavigationBar.h; sourceTree = "<group>"; };
		BD1DFA9A16C3938F004D86F9 /* PrettyNavigationBar.m */ = {isa = PBXFileReference; fileEncoding = 4; lastKnownFileType = sourcecode.c.objc; path = PrettyNavigationBar.m; sourceTree = "<group>"; };
		BD1DFA9B16C3938F004D86F9 /* PrettyShadowPlainTableview.h */ = {isa = PBXFileReference; fileEncoding = 4; lastKnownFileType = sourcecode.c.h; path = PrettyShadowPlainTableview.h; sourceTree = "<group>"; };
		BD1DFA9C16C3938F004D86F9 /* PrettyShadowPlainTableview.m */ = {isa = PBXFileReference; fileEncoding = 4; lastKnownFileType = sourcecode.c.objc; path = PrettyShadowPlainTableview.m; sourceTree = "<group>"; };
		BD1DFA9D16C3938F004D86F9 /* PrettyTabBar.h */ = {isa = PBXFileReference; fileEncoding = 4; lastKnownFileType = sourcecode.c.h; path = PrettyTabBar.h; sourceTree = "<group>"; };
		BD1DFA9E16C3938F004D86F9 /* PrettyTabBar.m */ = {isa = PBXFileReference; fileEncoding = 4; lastKnownFileType = sourcecode.c.objc; path = PrettyTabBar.m; sourceTree = "<group>"; };
		BD1DFA9F16C3938F004D86F9 /* PrettyToolbar.h */ = {isa = PBXFileReference; fileEncoding = 4; lastKnownFileType = sourcecode.c.h; path = PrettyToolbar.h; sourceTree = "<group>"; };
		BD1DFAA016C3938F004D86F9 /* PrettyToolbar.m */ = {isa = PBXFileReference; fileEncoding = 4; lastKnownFileType = sourcecode.c.objc; path = PrettyToolbar.m; sourceTree = "<group>"; };
		BD1DFB2516C398B8004D86F9 /* URLImageCacheConstants.h */ = {isa = PBXFileReference; fileEncoding = 4; lastKnownFileType = sourcecode.c.h; path = URLImageCacheConstants.h; sourceTree = "<group>"; };
		BD1DFB2616C398B8004D86F9 /* URLImageCached.h */ = {isa = PBXFileReference; fileEncoding = 4; lastKnownFileType = sourcecode.c.h; path = URLImageCached.h; sourceTree = "<group>"; };
		BD1DFB2716C398B8004D86F9 /* URLImageCached.m */ = {isa = PBXFileReference; fileEncoding = 4; lastKnownFileType = sourcecode.c.objc; path = URLImageCached.m; sourceTree = "<group>"; };
		BD1DFB2816C398B8004D86F9 /* URLImageLoadOperation.h */ = {isa = PBXFileReference; fileEncoding = 4; lastKnownFileType = sourcecode.c.h; path = URLImageLoadOperation.h; sourceTree = "<group>"; };
		BD1DFB2916C398B8004D86F9 /* URLImageLoadOperation.m */ = {isa = PBXFileReference; fileEncoding = 4; lastKnownFileType = sourcecode.c.objc; path = URLImageLoadOperation.m; sourceTree = "<group>"; };
		BD1DFB2D16C398ED004D86F9 /* ImageCachedTestViewController.h */ = {isa = PBXFileReference; fileEncoding = 4; lastKnownFileType = sourcecode.c.h; path = ImageCachedTestViewController.h; sourceTree = "<group>"; };
		BD1DFB2E16C398ED004D86F9 /* ImageCachedTestViewController.m */ = {isa = PBXFileReference; fileEncoding = 4; lastKnownFileType = sourcecode.c.objc; path = ImageCachedTestViewController.m; sourceTree = "<group>"; };
		BD1DFB2F16C398ED004D86F9 /* ImageCachedTestViewController.xib */ = {isa = PBXFileReference; fileEncoding = 4; lastKnownFileType = file.xib; path = ImageCachedTestViewController.xib; sourceTree = "<group>"; };
		BD1DFB3416C39F20004D86F9 /* Segoe UI.ttf */ = {isa = PBXFileReference; lastKnownFileType = file; path = "Segoe UI.ttf"; sourceTree = "<group>"; };
		BD1DFB3616C3A116004D86F9 /* AUIActivityIndicator.h */ = {isa = PBXFileReference; fileEncoding = 4; lastKnownFileType = sourcecode.c.h; path = AUIActivityIndicator.h; sourceTree = "<group>"; };
		BD1DFB3716C3A116004D86F9 /* AUIActivityIndicator.m */ = {isa = PBXFileReference; fileEncoding = 4; lastKnownFileType = sourcecode.c.objc; path = AUIActivityIndicator.m; sourceTree = "<group>"; };
		BD1DFB3916C3A4E8004D86F9 /* DejalActivityView.h */ = {isa = PBXFileReference; fileEncoding = 4; lastKnownFileType = sourcecode.c.h; path = DejalActivityView.h; sourceTree = "<group>"; };
		BD1DFB3A16C3A4E8004D86F9 /* DejalActivityView.m */ = {isa = PBXFileReference; fileEncoding = 4; lastKnownFileType = sourcecode.c.objc; path = DejalActivityView.m; sourceTree = "<group>"; };
		BD1DFB3C16C3A626004D86F9 /* ActivityTestViewController.h */ = {isa = PBXFileReference; fileEncoding = 4; lastKnownFileType = sourcecode.c.h; path = ActivityTestViewController.h; sourceTree = "<group>"; };
		BD1DFB3D16C3A626004D86F9 /* ActivityTestViewController.m */ = {isa = PBXFileReference; fileEncoding = 4; lastKnownFileType = sourcecode.c.objc; path = ActivityTestViewController.m; sourceTree = "<group>"; };
		BD1DFB3E16C3A626004D86F9 /* ActivityTestViewController.xib */ = {isa = PBXFileReference; fileEncoding = 4; lastKnownFileType = file.xib; path = ActivityTestViewController.xib; sourceTree = "<group>"; };
		BD1DFB4216C3AF39004D86F9 /* ModalTemplateViewController.h */ = {isa = PBXFileReference; fileEncoding = 4; lastKnownFileType = sourcecode.c.h; path = ModalTemplateViewController.h; sourceTree = "<group>"; };
		BD1DFB4316C3AF39004D86F9 /* ModalTemplateViewController.m */ = {isa = PBXFileReference; fileEncoding = 4; lastKnownFileType = sourcecode.c.objc; path = ModalTemplateViewController.m; sourceTree = "<group>"; };
		BD1DFB4416C3AF3A004D86F9 /* ModalTemplateViewController.xib */ = {isa = PBXFileReference; fileEncoding = 4; lastKnownFileType = file.xib; path = ModalTemplateViewController.xib; sourceTree = "<group>"; };
		BD1DFB4816C3B197004D86F9 /* backgroundViews@2x.png */ = {isa = PBXFileReference; lastKnownFileType = image.png; path = "backgroundViews@2x.png"; sourceTree = "<group>"; };
		BD1DFB4916C3B197004D86F9 /* backgroundViews.png */ = {isa = PBXFileReference; lastKnownFileType = image.png; path = backgroundViews.png; sourceTree = "<group>"; };
		BD1DFB4C16C3CE10004D86F9 /* GillSans.ttc */ = {isa = PBXFileReference; lastKnownFileType = file; path = GillSans.ttc; sourceTree = "<group>"; };
		BD1DFB4E16C3CE93004D86F9 /* Trebuchet MS.ttf */ = {isa = PBXFileReference; lastKnownFileType = file; path = "Trebuchet MS.ttf"; sourceTree = "<group>"; };
		BD1DFB5016C3E7C0004D86F9 /* AsyncImageView.h */ = {isa = PBXFileReference; fileEncoding = 4; lastKnownFileType = sourcecode.c.h; path = AsyncImageView.h; sourceTree = "<group>"; };
		BD1DFB5116C3E7C0004D86F9 /* AsyncImageView.m */ = {isa = PBXFileReference; fileEncoding = 4; lastKnownFileType = sourcecode.c.objc; path = AsyncImageView.m; sourceTree = "<group>"; };
		BD1DFB5316C3E882004D86F9 /* LoadImages.plist */ = {isa = PBXFileReference; fileEncoding = 4; lastKnownFileType = text.plist.xml; path = LoadImages.plist; sourceTree = "<group>"; };
		BD1DFB5516C3E8FA004D86F9 /* AsyncImageLoaderTestViewController.h */ = {isa = PBXFileReference; fileEncoding = 4; lastKnownFileType = sourcecode.c.h; path = AsyncImageLoaderTestViewController.h; sourceTree = "<group>"; };
		BD1DFB5616C3E8FA004D86F9 /* AsyncImageLoaderTestViewController.m */ = {isa = PBXFileReference; fileEncoding = 4; lastKnownFileType = sourcecode.c.objc; path = AsyncImageLoaderTestViewController.m; sourceTree = "<group>"; };
		BD1DFB5716C3E8FA004D86F9 /* AsyncImageLoaderTestViewController.xib */ = {isa = PBXFileReference; fileEncoding = 4; lastKnownFileType = file.xib; path = AsyncImageLoaderTestViewController.xib; sourceTree = "<group>"; };
		BD1DFB5A16C3EA82004D86F9 /* PhotoDetailViewController.h */ = {isa = PBXFileReference; fileEncoding = 4; lastKnownFileType = sourcecode.c.h; path = PhotoDetailViewController.h; sourceTree = "<group>"; };
		BD1DFB5B16C3EA83004D86F9 /* PhotoDetailViewController.m */ = {isa = PBXFileReference; fileEncoding = 4; lastKnownFileType = sourcecode.c.objc; path = PhotoDetailViewController.m; sourceTree = "<group>"; };
		BD1DFB5C16C3EA83004D86F9 /* PhotoDetailViewController.xib */ = {isa = PBXFileReference; fileEncoding = 4; lastKnownFileType = file.xib; path = PhotoDetailViewController.xib; sourceTree = "<group>"; };
		BD1DFB6016C40207004D86F9 /* ScrollGalleryViewController.h */ = {isa = PBXFileReference; fileEncoding = 4; lastKnownFileType = sourcecode.c.h; path = ScrollGalleryViewController.h; sourceTree = "<group>"; };
		BD1DFB6116C40207004D86F9 /* ScrollGalleryViewController.m */ = {isa = PBXFileReference; fileEncoding = 4; lastKnownFileType = sourcecode.c.objc; path = ScrollGalleryViewController.m; sourceTree = "<group>"; };
		BD1DFB6216C40207004D86F9 /* ScrollGalleryViewController.xib */ = {isa = PBXFileReference; fileEncoding = 4; lastKnownFileType = file.xib; path = ScrollGalleryViewController.xib; sourceTree = "<group>"; };
		BD1DFB6516C40263004D86F9 /* ScrollGalleryView.h */ = {isa = PBXFileReference; fileEncoding = 4; lastKnownFileType = sourcecode.c.h; path = ScrollGalleryView.h; sourceTree = "<group>"; };
		BD1DFB6616C40263004D86F9 /* ScrollGalleryView.m */ = {isa = PBXFileReference; fileEncoding = 4; lastKnownFileType = sourcecode.c.objc; path = ScrollGalleryView.m; sourceTree = "<group>"; };
		BD4FC28216B1718900EB70BD /* iPadStoryboard.storyboard */ = {isa = PBXFileReference; fileEncoding = 4; lastKnownFileType = file.storyboard; path = iPadStoryboard.storyboard; sourceTree = "<group>"; };
		BD4FC2B716B17AC100EB70BD /* splash.png */ = {isa = PBXFileReference; lastKnownFileType = image.png; path = splash.png; sourceTree = "<group>"; };
		BD4FC2B916B17AD100EB70BD /* Default-Portrait@2x~ipad.png */ = {isa = PBXFileReference; lastKnownFileType = image.png; path = "Default-Portrait@2x~ipad.png"; sourceTree = "<group>"; };
		BD4FC2BB16B17AD500EB70BD /* Default-Portrait~ipad.png */ = {isa = PBXFileReference; lastKnownFileType = image.png; path = "Default-Portrait~ipad.png"; sourceTree = "<group>"; };
		BD4FC2BD16B17BEE00EB70BD /* Default-Landscape@2x~ipad.png */ = {isa = PBXFileReference; lastKnownFileType = image.png; path = "Default-Landscape@2x~ipad.png"; sourceTree = "<group>"; };
		BD4FC2BF16B17BF200EB70BD /* Default-Landscape~ipad.png */ = {isa = PBXFileReference; lastKnownFileType = image.png; path = "Default-Landscape~ipad.png"; sourceTree = "<group>"; };
		BD667C2E16B2AE53005F959B /* test72.png */ = {isa = PBXFileReference; lastKnownFileType = image.png; path = test72.png; sourceTree = "<group>"; };
		BD667C5E16B2CD8F005F959B /* Reachability.h */ = {isa = PBXFileReference; fileEncoding = 4; lastKnownFileType = sourcecode.c.h; path = Reachability.h; sourceTree = "<group>"; };
		BD667C5F16B2CD8F005F959B /* Reachability.m */ = {isa = PBXFileReference; fileEncoding = 4; lastKnownFileType = sourcecode.c.objc; path = Reachability.m; sourceTree = "<group>"; };
		BD667C6116B2CDB8005F959B /* SystemConfiguration.framework */ = {isa = PBXFileReference; lastKnownFileType = wrapper.framework; name = SystemConfiguration.framework; path = System/Library/Frameworks/SystemConfiguration.framework; sourceTree = SDKROOT; };
		BD699D2E16B27CF20028B5E0 /* SimplePopoverView.h */ = {isa = PBXFileReference; fileEncoding = 4; lastKnownFileType = sourcecode.c.h; path = SimplePopoverView.h; sourceTree = "<group>"; };
		BD699D2F16B27CF20028B5E0 /* SimplePopoverView.m */ = {isa = PBXFileReference; fileEncoding = 4; lastKnownFileType = sourcecode.c.objc; path = SimplePopoverView.m; sourceTree = "<group>"; };
		BD699D4316B2A1CE0028B5E0 /* ParticleCl.mm */ = {isa = PBXFileReference; fileEncoding = 4; lastKnownFileType = sourcecode.cpp.objcpp; path = ParticleCl.mm; sourceTree = "<group>"; };
		BD699D4416B2A1CE0028B5E0 /* ParticleCl.h */ = {isa = PBXFileReference; fileEncoding = 4; lastKnownFileType = sourcecode.c.h; path = ParticleCl.h; sourceTree = "<group>"; };
		BD699D4616B2A2080028B5E0 /* Perlin.h */ = {isa = PBXFileReference; fileEncoding = 4; lastKnownFileType = sourcecode.c.h; path = Perlin.h; sourceTree = "<group>"; };
		BD699D4716B2A2080028B5E0 /* Perlin.mm */ = {isa = PBXFileReference; fileEncoding = 4; lastKnownFileType = sourcecode.cpp.objcpp; path = Perlin.mm; sourceTree = "<group>"; };
		BD699D4916B2A2840028B5E0 /* ParticleController.h */ = {isa = PBXFileReference; fileEncoding = 4; lastKnownFileType = sourcecode.c.h; path = ParticleController.h; sourceTree = "<group>"; };
		BD699D4A16B2A2840028B5E0 /* ParticleController.mm */ = {isa = PBXFileReference; fileEncoding = 4; lastKnownFileType = sourcecode.cpp.objcpp; path = ParticleController.mm; sourceTree = "<group>"; };
		BD699D4C16B2A2F80028B5E0 /* CloudViewController.h */ = {isa = PBXFileReference; fileEncoding = 4; lastKnownFileType = sourcecode.c.h; path = CloudViewController.h; sourceTree = "<group>"; };
		BD699D4D16B2A2F90028B5E0 /* CloudViewController.mm */ = {isa = PBXFileReference; fileEncoding = 4; lastKnownFileType = sourcecode.cpp.objcpp; path = CloudViewController.mm; sourceTree = "<group>"; };
		BD699D4F16B2A3AF0028B5E0 /* CloudGesture.mm */ = {isa = PBXFileReference; fileEncoding = 4; lastKnownFileType = sourcecode.cpp.objcpp; path = CloudGesture.mm; sourceTree = "<group>"; };
		BD699D5016B2A3B00028B5E0 /* CloudGesture.h */ = {isa = PBXFileReference; fileEncoding = 4; lastKnownFileType = sourcecode.c.h; path = CloudGesture.h; sourceTree = "<group>"; };
		BD8EE4E716B1837300706EC9 /* InfoLog */ = {isa = PBXFileReference; fileEncoding = 4; lastKnownFileType = text; path = InfoLog; sourceTree = "<group>"; };
		BDE0B14716C2BFF0003F1FB0 /* YouTubeViewController.h */ = {isa = PBXFileReference; fileEncoding = 4; lastKnownFileType = sourcecode.c.h; name = YouTubeViewController.h; path = VimeoHelper/YouTubeViewController.h; sourceTree = "<group>"; };
		BDE0B14816C2BFF0003F1FB0 /* YouTubeViewController.m */ = {isa = PBXFileReference; fileEncoding = 4; lastKnownFileType = sourcecode.c.objc; name = YouTubeViewController.m; path = VimeoHelper/YouTubeViewController.m; sourceTree = "<group>"; };
		BDE0B14916C2BFF0003F1FB0 /* YouTubeViewController.xib */ = {isa = PBXFileReference; fileEncoding = 4; lastKnownFileType = file.xib; name = YouTubeViewController.xib; path = VimeoHelper/YouTubeViewController.xib; sourceTree = "<group>"; };
		BDE0B14D16C2C23C003F1FB0 /* LBYouTube.h */ = {isa = PBXFileReference; fileEncoding = 4; lastKnownFileType = sourcecode.c.h; path = LBYouTube.h; sourceTree = "<group>"; };
		BDE0B14E16C2C23C003F1FB0 /* LBYouTubeExtractor.h */ = {isa = PBXFileReference; fileEncoding = 4; lastKnownFileType = sourcecode.c.h; path = LBYouTubeExtractor.h; sourceTree = "<group>"; };
		BDE0B14F16C2C23C003F1FB0 /* LBYouTubeExtractor.m */ = {isa = PBXFileReference; fileEncoding = 4; lastKnownFileType = sourcecode.c.objc; path = LBYouTubeExtractor.m; sourceTree = "<group>"; };
		BDE0B15016C2C23C003F1FB0 /* LBYouTubePlayerController.h */ = {isa = PBXFileReference; fileEncoding = 4; lastKnownFileType = sourcecode.c.h; path = LBYouTubePlayerController.h; sourceTree = "<group>"; };
		BDE0B15116C2C23C003F1FB0 /* LBYouTubePlayerController.m */ = {isa = PBXFileReference; fileEncoding = 4; lastKnownFileType = sourcecode.c.objc; path = LBYouTubePlayerController.m; sourceTree = "<group>"; };
		BDE30D1216B2EDF7002DA270 /* BoxesViewController.h */ = {isa = PBXFileReference; fileEncoding = 4; lastKnownFileType = sourcecode.c.h; path = BoxesViewController.h; sourceTree = "<group>"; };
		BDE30D1316B2EDF7002DA270 /* BoxesViewController.mm */ = {isa = PBXFileReference; fileEncoding = 4; lastKnownFileType = sourcecode.cpp.objcpp; path = BoxesViewController.mm; sourceTree = "<group>"; };
		BDE30D1516B2EE68002DA270 /* BoxesApp.mm */ = {isa = PBXFileReference; fileEncoding = 4; lastKnownFileType = sourcecode.cpp.objcpp; path = BoxesApp.mm; sourceTree = "<group>"; };
		BDE30D1616B2EE69002DA270 /* BoxesApp.h */ = {isa = PBXFileReference; fileEncoding = 4; lastKnownFileType = sourcecode.c.h; path = BoxesApp.h; sourceTree = "<group>"; };
		BDE30D1816B2EE95002DA270 /* proximityBoxes.cpp */ = {isa = PBXFileReference; fileEncoding = 4; lastKnownFileType = sourcecode.cpp.cpp; path = proximityBoxes.cpp; sourceTree = "<group>"; };
		BDE30D1916B2EE95002DA270 /* proximityBoxes.h */ = {isa = PBXFileReference; fileEncoding = 4; lastKnownFileType = sourcecode.c.h; path = proximityBoxes.h; sourceTree = "<group>"; };
		BDEACDBC16B189FD007FCF96 /* FioritoAttractor.mm */ = {isa = PBXFileReference; fileEncoding = 4; lastKnownFileType = sourcecode.cpp.objcpp; path = FioritoAttractor.mm; sourceTree = "<group>"; };
		BDEACDBD16B189FD007FCF96 /* FioritoAttractor.h */ = {isa = PBXFileReference; fileEncoding = 4; lastKnownFileType = sourcecode.c.h; path = FioritoAttractor.h; sourceTree = "<group>"; };
		BDEACDC016B18A97007FCF96 /* Attractor.h */ = {isa = PBXFileReference; fileEncoding = 4; lastKnownFileType = sourcecode.c.h; path = Attractor.h; sourceTree = "<group>"; };
		BDEACDC116B18A97007FCF96 /* Attractor.mm */ = {isa = PBXFileReference; fileEncoding = 4; lastKnownFileType = sourcecode.cpp.objcpp; path = Attractor.mm; sourceTree = "<group>"; };
		BDEACDC216B18A97007FCF96 /* Particle.h */ = {isa = PBXFileReference; fileEncoding = 4; lastKnownFileType = sourcecode.c.h; path = Particle.h; sourceTree = "<group>"; };
		BDEACDC416B18D00007FCF96 /* FioritoViewController.h */ = {isa = PBXFileReference; fileEncoding = 4; lastKnownFileType = sourcecode.c.h; path = FioritoViewController.h; sourceTree = "<group>"; };
		BDEACDC516B18D00007FCF96 /* FioritoViewController.mm */ = {isa = PBXFileReference; fileEncoding = 4; lastKnownFileType = sourcecode.cpp.objcpp; path = FioritoViewController.mm; sourceTree = "<group>"; };
		BDFDA92216C287840039626D /* ReachabilityTestViewController.h */ = {isa = PBXFileReference; fileEncoding = 4; lastKnownFileType = sourcecode.c.h; path = ReachabilityTestViewController.h; sourceTree = "<group>"; };
		BDFDA92316C287840039626D /* ReachabilityTestViewController.m */ = {isa = PBXFileReference; fileEncoding = 4; lastKnownFileType = sourcecode.c.objc; path = ReachabilityTestViewController.m; sourceTree = "<group>"; };
		BDFDA92416C287840039626D /* ReachabilityTestViewController.xib */ = {isa = PBXFileReference; fileEncoding = 4; lastKnownFileType = file.xib; path = ReachabilityTestViewController.xib; sourceTree = "<group>"; };
		BDFDA92716C288060039626D /* TextView.h */ = {isa = PBXFileReference; fileEncoding = 4; lastKnownFileType = sourcecode.c.h; path = TextView.h; sourceTree = "<group>"; };
		BDFDA92816C288060039626D /* TextView.m */ = {isa = PBXFileReference; fileEncoding = 4; lastKnownFileType = sourcecode.c.objc; path = TextView.m; sourceTree = "<group>"; };
		BDFDA92A16C288120039626D /* IdleView.h */ = {isa = PBXFileReference; fileEncoding = 4; lastKnownFileType = sourcecode.c.h; path = IdleView.h; sourceTree = "<group>"; };
		BDFDA92B16C288120039626D /* IdleView.m */ = {isa = PBXFileReference; fileEncoding = 4; lastKnownFileType = sourcecode.c.objc; path = IdleView.m; sourceTree = "<group>"; };
		BDFDA92E16C28A2A0039626D /* InfoViewController.h */ = {isa = PBXFileReference; fileEncoding = 4; lastKnownFileType = sourcecode.c.h; path = InfoViewController.h; sourceTree = "<group>"; };
		BDFDA92F16C28A2A0039626D /* InfoViewController.m */ = {isa = PBXFileReference; fileEncoding = 4; lastKnownFileType = sourcecode.c.objc; path = InfoViewController.m; sourceTree = "<group>"; };
		BDFDA93016C28A2A0039626D /* InfoViewController.xib */ = {isa = PBXFileReference; fileEncoding = 4; lastKnownFileType = file.xib; path = InfoViewController.xib; sourceTree = "<group>"; };
		BDFDA93316C29A3A0039626D /* VimeoViewController.h */ = {isa = PBXFileReference; fileEncoding = 4; lastKnownFileType = sourcecode.c.h; path = VimeoViewController.h; sourceTree = "<group>"; };
		BDFDA93416C29A3A0039626D /* VimeoViewController.m */ = {isa = PBXFileReference; fileEncoding = 4; lastKnownFileType = sourcecode.c.objc; path = VimeoViewController.m; sourceTree = "<group>"; };
		BDFDA93516C29A3A0039626D /* VimeoViewController.xib */ = {isa = PBXFileReference; fileEncoding = 4; lastKnownFileType = file.xib; path = VimeoViewController.xib; sourceTree = "<group>"; };
		BDFDA93B16C29AC90039626D /* MediaPlayer.framework */ = {isa = PBXFileReference; lastKnownFileType = wrapper.framework; name = MediaPlayer.framework; path = System/Library/Frameworks/MediaPlayer.framework; sourceTree = SDKROOT; };
		BDFDA9F916C2AB4B0039626D /* vimeo.js.txt */ = {isa = PBXFileReference; fileEncoding = 4; lastKnownFileType = text; path = vimeo.js.txt; sourceTree = "<group>"; };
		BDFDA9FA16C2AB4B0039626D /* VimeoHelper.h */ = {isa = PBXFileReference; fileEncoding = 4; lastKnownFileType = sourcecode.c.h; path = VimeoHelper.h; sourceTree = "<group>"; };
		BDFDA9FB16C2AB4B0039626D /* VimeoHelper.m */ = {isa = PBXFileReference; fileEncoding = 4; lastKnownFileType = sourcecode.c.objc; path = VimeoHelper.m; sourceTree = "<group>"; };
		BDFDA9FE16C2AF500039626D /* YouTubeJSONViewController.h */ = {isa = PBXFileReference; fileEncoding = 4; lastKnownFileType = sourcecode.c.h; path = YouTubeJSONViewController.h; sourceTree = "<group>"; };
		BDFDA9FF16C2AF500039626D /* YouTubeJSONViewController.m */ = {isa = PBXFileReference; fileEncoding = 4; lastKnownFileType = sourcecode.c.objc; path = YouTubeJSONViewController.m; sourceTree = "<group>"; };
		BDFDAA0016C2AF500039626D /* YouTubeJSONViewController.xib */ = {isa = PBXFileReference; fileEncoding = 4; lastKnownFileType = file.xib; path = YouTubeJSONViewController.xib; sourceTree = "<group>"; };
		BDFDAA0416C2B1750039626D /* FMYouTubeVideoSourceDetector.h */ = {isa = PBXFileReference; fileEncoding = 4; lastKnownFileType = sourcecode.c.h; path = FMYouTubeVideoSourceDetector.h; sourceTree = "<group>"; };
		BDFDAA0516C2B1750039626D /* FMYouTubeVideoSourceDetector.m */ = {isa = PBXFileReference; fileEncoding = 4; lastKnownFileType = sourcecode.c.objc; path = FMYouTubeVideoSourceDetector.m; sourceTree = "<group>"; };
		E41D3ED613B38FB500A75A5D /* Project.xcconfig */ = {isa = PBXFileReference; fileEncoding = 4; lastKnownFileType = text.xcconfig; path = Project.xcconfig; sourceTree = "<group>"; };
		E41D3EE513B3906D00A75A5D /* CoreOF.xcconfig */ = {isa = PBXFileReference; fileEncoding = 4; lastKnownFileType = text.xcconfig; name = CoreOF.xcconfig; path = ../../../libs/openFrameworksCompiled/project/ios/CoreOF.xcconfig; sourceTree = SOURCE_ROOT; };
		E41D400613B39D2100A75A5D /* AVFoundation.framework */ = {isa = PBXFileReference; lastKnownFileType = wrapper.framework; name = AVFoundation.framework; path = System/Library/Frameworks/AVFoundation.framework; sourceTree = SDKROOT; };
		E41D400713B39D2100A75A5D /* CoreMedia.framework */ = {isa = PBXFileReference; lastKnownFileType = wrapper.framework; name = CoreMedia.framework; path = System/Library/Frameworks/CoreMedia.framework; sourceTree = SDKROOT; };
		E41D400813B39D2100A75A5D /* CoreVideo.framework */ = {isa = PBXFileReference; lastKnownFileType = wrapper.framework; name = CoreVideo.framework; path = System/Library/Frameworks/CoreVideo.framework; sourceTree = SDKROOT; };
		E41D400913B39D2100A75A5D /* MapKit.framework */ = {isa = PBXFileReference; lastKnownFileType = wrapper.framework; name = MapKit.framework; path = System/Library/Frameworks/MapKit.framework; sourceTree = SDKROOT; };
		E41D40FD13B3A0D800A75A5D /* iOS+OFLib.xcodeproj */ = {isa = PBXFileReference; lastKnownFileType = "wrapper.pb-project"; name = "iOS+OFLib.xcodeproj"; path = "../../../libs/openFrameworksCompiled/project/ios/iOS+OFLib.xcodeproj"; sourceTree = SOURCE_ROOT; };
		E4296CB416B69C4E00452DE5 /* PortifolioViewController.h */ = {isa = PBXFileReference; fileEncoding = 4; lastKnownFileType = sourcecode.c.h; path = PortifolioViewController.h; sourceTree = "<group>"; };
		E4296CB516B69C4E00452DE5 /* PortifolioViewController.m */ = {isa = PBXFileReference; fileEncoding = 4; lastKnownFileType = sourcecode.c.objc; path = PortifolioViewController.m; sourceTree = "<group>"; };
		E4296CB616B69C4E00452DE5 /* PortifolioViewController.xib */ = {isa = PBXFileReference; fileEncoding = 4; lastKnownFileType = file.xib; path = PortifolioViewController.xib; sourceTree = "<group>"; };
		E4296D1116B6C5CD00452DE5 /* effe.png */ = {isa = PBXFileReference; lastKnownFileType = image.png; path = effe.png; sourceTree = "<group>"; };
		E434AD5716B7EDF800267144 /* PortifolioCell.h */ = {isa = PBXFileReference; fileEncoding = 4; lastKnownFileType = sourcecode.c.h; path = PortifolioCell.h; sourceTree = "<group>"; };
		E434AD5816B7EDF800267144 /* PortifolioCell.m */ = {isa = PBXFileReference; fileEncoding = 4; lastKnownFileType = sourcecode.c.objc; path = PortifolioCell.m; sourceTree = "<group>"; };
		E448D91816BBE65500140CAF /* TestObjectStore.h */ = {isa = PBXFileReference; fileEncoding = 4; lastKnownFileType = sourcecode.c.h; path = TestObjectStore.h; sourceTree = "<group>"; };
		E448D91916BBE65500140CAF /* TestObjectStore.m */ = {isa = PBXFileReference; fileEncoding = 4; lastKnownFileType = sourcecode.c.objc; path = TestObjectStore.m; sourceTree = "<group>"; };
		E4975A0E16B9466B0042C70D /* 1.png */ = {isa = PBXFileReference; lastKnownFileType = image.png; path = 1.png; sourceTree = "<group>"; };
		E4975A0F16B9466B0042C70D /* 2.png */ = {isa = PBXFileReference; lastKnownFileType = image.png; path = 2.png; sourceTree = "<group>"; };
		E4975A1016B9466B0042C70D /* 3.png */ = {isa = PBXFileReference; lastKnownFileType = image.png; path = 3.png; sourceTree = "<group>"; };
		E4975A1116B9466B0042C70D /* 4.png */ = {isa = PBXFileReference; lastKnownFileType = image.png; path = 4.png; sourceTree = "<group>"; };
		E4975A1616B947B00042C70D /* 5.png */ = {isa = PBXFileReference; lastKnownFileType = image.png; path = 5.png; sourceTree = "<group>"; };
		E4975A1716B947B00042C70D /* 6.png */ = {isa = PBXFileReference; lastKnownFileType = image.png; path = 6.png; sourceTree = "<group>"; };
		E4975A7816B965AC0042C70D /* PortifolioCellView.h */ = {isa = PBXFileReference; fileEncoding = 4; lastKnownFileType = sourcecode.c.h; path = PortifolioCellView.h; sourceTree = "<group>"; };
		E4975A7916B965AC0042C70D /* PortifolioCellView.m */ = {isa = PBXFileReference; fileEncoding = 4; lastKnownFileType = sourcecode.c.objc; path = PortifolioCellView.m; sourceTree = "<group>"; };
		E4A823A312561BE3002F86A2 /* CoreGraphics.framework */ = {isa = PBXFileReference; lastKnownFileType = wrapper.framework; name = CoreGraphics.framework; path = System/Library/Frameworks/CoreGraphics.framework; sourceTree = SDKROOT; };
		E4D8936B11527B74007E1F53 /* main.mm */ = {isa = PBXFileReference; fileEncoding = 4; lastKnownFileType = sourcecode.cpp.objcpp; name = main.mm; path = src/main.mm; sourceTree = SOURCE_ROOT; };
		E4F50A5D16B2E90A003A1B8C /* TestObjects.h */ = {isa = PBXFileReference; fileEncoding = 4; lastKnownFileType = sourcecode.c.h; path = TestObjects.h; sourceTree = "<group>"; };
		E4F50A5E16B2E90A003A1B8C /* TestObjects.m */ = {isa = PBXFileReference; fileEncoding = 4; lastKnownFileType = sourcecode.c.objc; path = TestObjects.m; sourceTree = "<group>"; };
/* End PBXFileReference section */

/* Begin PBXFrameworksBuildPhase section */
		1D60588F0D05DD3D006BFB54 /* Frameworks */ = {
			isa = PBXFrameworksBuildPhase;
			buildActionMask = 2147483647;
			files = (
				BDFDA93C16C29AC90039626D /* MediaPlayer.framework in Frameworks */,
				BD667C6216B2CDB8005F959B /* SystemConfiguration.framework in Frameworks */,
				E41D421413B3A95300A75A5D /* libofxiPhone_iphoneos_Debug.a in Frameworks */,
				1D60589F0D05DD5A006BFB54 /* Foundation.framework in Frameworks */,
				1DF5F4E00D08C38300B7A737 /* UIKit.framework in Frameworks */,
				288765FD0DF74451002DB57D /* CoreGraphics.framework in Frameworks */,
				BB16EBD20F2B2A9500518274 /* OpenGLES.framework in Frameworks */,
				BB16EBD90F2B2AB500518274 /* QuartzCore.framework in Frameworks */,
				BBE5EAB80F49AD8400F28951 /* AudioToolbox.framework in Frameworks */,
				53F323EB10A20EDB00E0DAE4 /* OpenAL.framework in Frameworks */,
				5326AEA810A23A0500278DE6 /* CoreLocation.framework in Frameworks */,
				E41D400B13B39D2100A75A5D /* AVFoundation.framework in Frameworks */,
				E41D400C13B39D2100A75A5D /* CoreMedia.framework in Frameworks */,
				E41D400D13B39D2100A75A5D /* CoreVideo.framework in Frameworks */,
				E41D400E13B39D2100A75A5D /* MapKit.framework in Frameworks */,
			);
			runOnlyForDeploymentPostprocessing = 0;
		};
/* End PBXFrameworksBuildPhase section */

/* Begin PBXGroup section */
		19C28FACFE9D520D11CA2CBB /* Products */ = {
			isa = PBXGroup;
			children = (
				1D6058910D05DD3D006BFB54 /* efePortfolio.app */,
			);
			name = Products;
			sourceTree = "<group>";
		};
		29B97314FDCFA39411CA2CEA /* CustomTemplate */ = {
			isa = PBXGroup;
			children = (
				BD8EE4E716B1837300706EC9 /* InfoLog */,
				BD667C2E16B2AE53005F959B /* test72.png */,
				BD4FC28116B1716000EB70BD /* artwork-resources */,
				E4D8936A11527B74007E1F53 /* src */,
				BB24E1F710DAA51900E9C588 /* openFrameworks */,
				BB16F26B0F2B646B00518274 /* addons */,
				BB16E9930F2B1E5900518274 /* libs */,
				BD667C6316B2CDBF005F959B /* otherFrameworks */,
				19C28FACFE9D520D11CA2CBB /* Products */,
			);
			name = CustomTemplate;
			sourceTree = "<group>";
		};
		29B97323FDCFA39411CA2CEA /* core frameworks */ = {
			isa = PBXGroup;
			children = (
				E41D400613B39D2100A75A5D /* AVFoundation.framework */,
				E41D400713B39D2100A75A5D /* CoreMedia.framework */,
				E41D400813B39D2100A75A5D /* CoreVideo.framework */,
				E41D400913B39D2100A75A5D /* MapKit.framework */,
				53F323EA10A20EDB00E0DAE4 /* OpenAL.framework */,
				E4A823A312561BE3002F86A2 /* CoreGraphics.framework */,
				BBE5EAB70F49AD8400F28951 /* AudioToolbox.framework */,
				BB16EBD80F2B2AB500518274 /* QuartzCore.framework */,
				BB16EBD10F2B2A9500518274 /* OpenGLES.framework */,
				1DF5F4DF0D08C38300B7A737 /* UIKit.framework */,
				1D30AB110D05D00D00671497 /* Foundation.framework */,
				288765FC0DF74451002DB57D /* CoreGraphics.framework */,
				5326AEA710A23A0500278DE6 /* CoreLocation.framework */,
			);
			name = "core frameworks";
			sourceTree = "<group>";
		};
		BB16E9930F2B1E5900518274 /* libs */ = {
			isa = PBXGroup;
			children = (
				BBE5E94E0F497BD800F28951 /* core */,
			);
			name = libs;
			sourceTree = "<group>";
		};
		BB16F26B0F2B646B00518274 /* addons */ = {
			isa = PBXGroup;
			children = (
			);
			name = addons;
			sourceTree = "<group>";
		};
		BB24E1F710DAA51900E9C588 /* openFrameworks */ = {
			isa = PBXGroup;
			children = (
				E41D40FD13B3A0D800A75A5D /* iOS+OFLib.xcodeproj */,
				32CA4F630368D1EE00C91783 /* iPhone_Prefix.pch */,
				BB24DDC910DA781C00E9C588 /* ofxiphone-Info.plist */,
				E41D3EE513B3906D00A75A5D /* CoreOF.xcconfig */,
				E41D3ED613B38FB500A75A5D /* Project.xcconfig */,
			);
			name = openFrameworks;
			sourceTree = "<group>";
		};
		BBE5E94E0F497BD800F28951 /* core */ = {
			isa = PBXGroup;
			children = (
				29B97323FDCFA39411CA2CEA /* core frameworks */,
			);
			name = core;
			sourceTree = "<group>";
		};
		BD1DFA6316C39155004D86F9 /* UIElements */ = {
			isa = PBXGroup;
			children = (
				BD1DFB3216C39B27004D86F9 /* fonts */,
				BD1DFB3316C39E61004D86F9 /* activity-indicator */,
				BD1DFA8C16C3938F004D86F9 /* PrettyKit */,
				BD1DFA6416C39168004D86F9 /* ABTab */,
			);
			name = UIElements;
			sourceTree = "<group>";
		};
		BD1DFA6416C39168004D86F9 /* ABTab */ = {
			isa = PBXGroup;
			children = (
				BD1DFA6516C39178004D86F9 /* ABTabBar.h */,
				BD1DFA6616C39178004D86F9 /* ABTabBar.m */,
				BD1DFA6716C39178004D86F9 /* ABTabBarController.h */,
				BD1DFA6816C39178004D86F9 /* ABTabBarController.m */,
				BD1DFA6916C39178004D86F9 /* AbTabBarItem.h */,
				BD1DFA6A16C39178004D86F9 /* AbTabBarItem.m */,
			);
			name = ABTab;
			sourceTree = "<group>";
		};
		BD1DFA8C16C3938F004D86F9 /* PrettyKit */ = {
			isa = PBXGroup;
			children = (
				BD1DFA8D16C3938F004D86F9 /* Cells */,
				BD1DFA9616C3938F004D86F9 /* PrettyDrawing.h */,
				BD1DFA9716C3938F004D86F9 /* PrettyDrawing.m */,
				BD1DFA9816C3938F004D86F9 /* PrettyKit.h */,
				BD1DFA9916C3938F004D86F9 /* PrettyNavigationBar.h */,
				BD1DFA9A16C3938F004D86F9 /* PrettyNavigationBar.m */,
				BD1DFA9B16C3938F004D86F9 /* PrettyShadowPlainTableview.h */,
				BD1DFA9C16C3938F004D86F9 /* PrettyShadowPlainTableview.m */,
				BD1DFA9D16C3938F004D86F9 /* PrettyTabBar.h */,
				BD1DFA9E16C3938F004D86F9 /* PrettyTabBar.m */,
				BD1DFA9F16C3938F004D86F9 /* PrettyToolbar.h */,
				BD1DFAA016C3938F004D86F9 /* PrettyToolbar.m */,
			);
			path = PrettyKit;
			sourceTree = "<group>";
		};
		BD1DFA8D16C3938F004D86F9 /* Cells */ = {
			isa = PBXGroup;
			children = (
				BD1DFA8E16C3938F004D86F9 /* PrettyCustomViewTableViewCell.h */,
				BD1DFA8F16C3938F004D86F9 /* PrettyCustomViewTableViewCell.m */,
				BD1DFA9016C3938F004D86F9 /* PrettyGridTableViewCell.h */,
				BD1DFA9116C3938F004D86F9 /* PrettyGridTableViewCell.m */,
				BD1DFA9216C3938F004D86F9 /* PrettySegmentedControlTableViewCell.h */,
				BD1DFA9316C3938F004D86F9 /* PrettySegmentedControlTableViewCell.m */,
				BD1DFA9416C3938F004D86F9 /* PrettyTableViewCell.h */,
				BD1DFA9516C3938F004D86F9 /* PrettyTableViewCell.m */,
			);
			path = Cells;
			sourceTree = "<group>";
		};
		BD1DFAAA16C393F6004D86F9 /* splash-images */ = {
			isa = PBXGroup;
			children = (
				BD4FC2BF16B17BF200EB70BD /* Default-Landscape~ipad.png */,
				BD4FC2BD16B17BEE00EB70BD /* Default-Landscape@2x~ipad.png */,
				BD4FC2BB16B17AD500EB70BD /* Default-Portrait~ipad.png */,
				BD4FC2B916B17AD100EB70BD /* Default-Portrait@2x~ipad.png */,
				BD4FC2B716B17AC100EB70BD /* splash.png */,
				BD110ACA16B16BD8001F2642 /* Default-568h@2x.png */,
			);
			name = "splash-images";
			sourceTree = "<group>";
		};
		BD1DFAAC16C395AD004D86F9 /* test */ = {
			isa = PBXGroup;
			children = (
				BDFDA92216C287840039626D /* ReachabilityTestViewController.h */,
				BDFDA92316C287840039626D /* ReachabilityTestViewController.m */,
				BDFDA92416C287840039626D /* ReachabilityTestViewController.xib */,
				BDFDA92716C288060039626D /* TextView.h */,
				BDFDA92816C288060039626D /* TextView.m */,
				BDFDA92A16C288120039626D /* IdleView.h */,
				BDFDA92B16C288120039626D /* IdleView.m */,
				BDFDA92E16C28A2A0039626D /* InfoViewController.h */,
				BDFDA92F16C28A2A0039626D /* InfoViewController.m */,
				BDFDA93016C28A2A0039626D /* InfoViewController.xib */,
			);
			name = test;
			sourceTree = "<group>";
		};
		BD1DFAAD16C395C7004D86F9 /* GCNetworkRequest */ = {
			isa = PBXGroup;
			children = (
			);
			name = GCNetworkRequest;
			sourceTree = "<group>";
		};
		BD1DFB2416C39892004D86F9 /* imageLoader */ = {
			isa = PBXGroup;
			children = (
				BD1DFB2C16C398D3004D86F9 /* tests */,
				BD1DFB2516C398B8004D86F9 /* URLImageCacheConstants.h */,
				BD1DFB2616C398B8004D86F9 /* URLImageCached.h */,
				BD1DFB2716C398B8004D86F9 /* URLImageCached.m */,
				BD1DFB2816C398B8004D86F9 /* URLImageLoadOperation.h */,
				BD1DFB2916C398B8004D86F9 /* URLImageLoadOperation.m */,
				BD1DFB5016C3E7C0004D86F9 /* AsyncImageView.h */,
				BD1DFB5116C3E7C0004D86F9 /* AsyncImageView.m */,
			);
			name = imageLoader;
			sourceTree = "<group>";
		};
		BD1DFB2C16C398D3004D86F9 /* tests */ = {
			isa = PBXGroup;
			children = (
				BD1DFB2D16C398ED004D86F9 /* ImageCachedTestViewController.h */,
				BD1DFB2E16C398ED004D86F9 /* ImageCachedTestViewController.m */,
				BD1DFB2F16C398ED004D86F9 /* ImageCachedTestViewController.xib */,
				BD1DFB5316C3E882004D86F9 /* LoadImages.plist */,
				BD1DFB5516C3E8FA004D86F9 /* AsyncImageLoaderTestViewController.h */,
				BD1DFB5616C3E8FA004D86F9 /* AsyncImageLoaderTestViewController.m */,
				BD1DFB5716C3E8FA004D86F9 /* AsyncImageLoaderTestViewController.xib */,
				BD1DFB5A16C3EA82004D86F9 /* PhotoDetailViewController.h */,
				BD1DFB5B16C3EA83004D86F9 /* PhotoDetailViewController.m */,
				BD1DFB5C16C3EA83004D86F9 /* PhotoDetailViewController.xib */,
			);
			name = tests;
			sourceTree = "<group>";
		};
		BD1DFB3216C39B27004D86F9 /* fonts */ = {
			isa = PBXGroup;
			children = (
				BD1DFB4E16C3CE93004D86F9 /* Trebuchet MS.ttf */,
				BD1DFB4C16C3CE10004D86F9 /* GillSans.ttc */,
				BD1DFB3416C39F20004D86F9 /* Segoe UI.ttf */,
			);
			name = fonts;
			path = ..;
			sourceTree = "<group>";
		};
		BD1DFB3316C39E61004D86F9 /* activity-indicator */ = {
			isa = PBXGroup;
			children = (
				BD1DFB4116C3AA99004D86F9 /* test */,
				BD1DFB3616C3A116004D86F9 /* AUIActivityIndicator.h */,
				BD1DFB3716C3A116004D86F9 /* AUIActivityIndicator.m */,
				BD1DFB3916C3A4E8004D86F9 /* DejalActivityView.h */,
				BD1DFB3A16C3A4E8004D86F9 /* DejalActivityView.m */,
			);
			name = "activity-indicator";
			sourceTree = "<group>";
		};
		BD1DFB4116C3AA99004D86F9 /* test */ = {
			isa = PBXGroup;
			children = (
				BD1DFB3C16C3A626004D86F9 /* ActivityTestViewController.h */,
				BD1DFB3D16C3A626004D86F9 /* ActivityTestViewController.m */,
				BD1DFB3E16C3A626004D86F9 /* ActivityTestViewController.xib */,
			);
			name = test;
			sourceTree = "<group>";
		};
		BD1DFB4716C3B173004D86F9 /* backgrounds */ = {
			isa = PBXGroup;
			children = (
				BD1DFB4816C3B197004D86F9 /* backgroundViews@2x.png */,
				BD1DFB4916C3B197004D86F9 /* backgroundViews.png */,
			);
			name = backgrounds;
			sourceTree = "<group>";
		};
		BD1DFB5F16C400D4004D86F9 /* scrollView */ = {
			isa = PBXGroup;
			children = (
				BD1DFB6016C40207004D86F9 /* ScrollGalleryViewController.h */,
				BD1DFB6116C40207004D86F9 /* ScrollGalleryViewController.m */,
				BD1DFB6216C40207004D86F9 /* ScrollGalleryViewController.xib */,
				BD1DFB6516C40263004D86F9 /* ScrollGalleryView.h */,
				BD1DFB6616C40263004D86F9 /* ScrollGalleryView.m */,
			);
			name = scrollView;
			sourceTree = "<group>";
		};
		BD4FC28116B1716000EB70BD /* artwork-resources */ = {
			isa = PBXGroup;
			children = (
				BD1DFB4716C3B173004D86F9 /* backgrounds */,
				BD1DFAAA16C393F6004D86F9 /* splash-images */,
				BDFDA92116C286BF0039626D /* images-table-test */,
			);
			name = "artwork-resources";
			sourceTree = "<group>";
		};
		BD4FC28416B175AB00EB70BD /* viewcontrollers */ = {
			isa = PBXGroup;
			children = (
				E4296CB416B69C4E00452DE5 /* PortifolioViewController.h */,
				E4296CB516B69C4E00452DE5 /* PortifolioViewController.m */,
				E4296CB616B69C4E00452DE5 /* PortifolioViewController.xib */,
				E434AD5716B7EDF800267144 /* PortifolioCell.h */,
				E434AD5816B7EDF800267144 /* PortifolioCell.m */,
				E4975A7816B965AC0042C70D /* PortifolioCellView.h */,
				E4975A7916B965AC0042C70D /* PortifolioCellView.m */,
				BD699D2E16B27CF20028B5E0 /* SimplePopoverView.h */,
				BD699D2F16B27CF20028B5E0 /* SimplePopoverView.m */,
			);
			name = viewcontrollers;
			sourceTree = "<group>";
		};
		BD667C3916B2C43D005F959B /* webConnection */ = {
			isa = PBXGroup;
			children = (
				BD1DFAAD16C395C7004D86F9 /* GCNetworkRequest */,
				BD1DFAAC16C395AD004D86F9 /* test */,
				BD667C5E16B2CD8F005F959B /* Reachability.h */,
				BD667C5F16B2CD8F005F959B /* Reachability.m */,
			);
			name = webConnection;
			sourceTree = "<group>";
		};
		BD667C6316B2CDBF005F959B /* otherFrameworks */ = {
			isa = PBXGroup;
			children = (
				BDFDA93B16C29AC90039626D /* MediaPlayer.framework */,
				BD667C6116B2CDB8005F959B /* SystemConfiguration.framework */,
			);
			name = otherFrameworks;
			sourceTree = "<group>";
		};
		BD667C6416B2CFF1005F959B /* webVideoPlayers */ = {
			isa = PBXGroup;
			children = (
				BDFDAA0316C2B1660039626D /* YouTubeSource */,
				BDFDA9F816C2AB4B0039626D /* VimeoHelper */,
				BDFDA93316C29A3A0039626D /* VimeoViewController.h */,
				BDFDA93416C29A3A0039626D /* VimeoViewController.m */,
				BDFDA93516C29A3A0039626D /* VimeoViewController.xib */,
				BDE0B14716C2BFF0003F1FB0 /* YouTubeViewController.h */,
				BDE0B14816C2BFF0003F1FB0 /* YouTubeViewController.m */,
				BDE0B14916C2BFF0003F1FB0 /* YouTubeViewController.xib */,
				BDFDA9FE16C2AF500039626D /* YouTubeJSONViewController.h */,
				BDFDA9FF16C2AF500039626D /* YouTubeJSONViewController.m */,
				BDFDAA0016C2AF500039626D /* YouTubeJSONViewController.xib */,
			);
			name = webVideoPlayers;
			sourceTree = "<group>";
		};
		BD699D4216B2A1900028B5E0 /* cloudApp */ = {
			isa = PBXGroup;
			children = (
				BD699D4C16B2A2F80028B5E0 /* CloudViewController.h */,
				BD699D4D16B2A2F90028B5E0 /* CloudViewController.mm */,
				BD699D5016B2A3B00028B5E0 /* CloudGesture.h */,
				BD699D4F16B2A3AF0028B5E0 /* CloudGesture.mm */,
				BD699D4916B2A2840028B5E0 /* ParticleController.h */,
				BD699D4A16B2A2840028B5E0 /* ParticleController.mm */,
				BD699D4316B2A1CE0028B5E0 /* ParticleCl.mm */,
				BD699D4416B2A1CE0028B5E0 /* ParticleCl.h */,
				BD699D4616B2A2080028B5E0 /* Perlin.h */,
				BD699D4716B2A2080028B5E0 /* Perlin.mm */,
			);
			name = cloudApp;
			sourceTree = "<group>";
		};
		BDE0B13E16C2BEF2003F1FB0 /* JSONTube */ = {
			isa = PBXGroup;
			children = (
				BDFDAA0416C2B1750039626D /* FMYouTubeVideoSourceDetector.h */,
				BDFDAA0516C2B1750039626D /* FMYouTubeVideoSourceDetector.m */,
			);
			name = JSONTube;
			sourceTree = "<group>";
		};
		BDE0B14C16C2C23C003F1FB0 /* LBYouTubeView */ = {
			isa = PBXGroup;
			children = (
				BDE0B14D16C2C23C003F1FB0 /* LBYouTube.h */,
				BDE0B14E16C2C23C003F1FB0 /* LBYouTubeExtractor.h */,
				BDE0B14F16C2C23C003F1FB0 /* LBYouTubeExtractor.m */,
				BDE0B15016C2C23C003F1FB0 /* LBYouTubePlayerController.h */,
				BDE0B15116C2C23C003F1FB0 /* LBYouTubePlayerController.m */,
			);
			path = LBYouTubeView;
			sourceTree = "<group>";
		};
		BDE30D1016B2EDC3002DA270 /* boxesApp */ = {
			isa = PBXGroup;
			children = (
				BDE30D1216B2EDF7002DA270 /* BoxesViewController.h */,
				BDE30D1316B2EDF7002DA270 /* BoxesViewController.mm */,
				BDE30D1516B2EE68002DA270 /* BoxesApp.mm */,
				BDE30D1616B2EE69002DA270 /* BoxesApp.h */,
				BDE30D1816B2EE95002DA270 /* proximityBoxes.cpp */,
				BDE30D1916B2EE95002DA270 /* proximityBoxes.h */,
			);
			name = boxesApp;
			sourceTree = "<group>";
		};
		BDE30D1116B2EDD6002DA270 /* exampleApp */ = {
			isa = PBXGroup;
			children = (
				914F466816AC3E2700786D52 /* ExampleOFApp.h */,
				914F466916AC3E2700786D52 /* ExampleOFApp.mm */,
				914F466A16AC3E2700786D52 /* ExampleOFAppViewController.h */,
				914F466B16AC3E2700786D52 /* ExampleOFAppViewController.mm */,
			);
			name = exampleApp;
			sourceTree = "<group>";
		};
		BDEACDBF16B18A74007FCF96 /* fioritoApp */ = {
			isa = PBXGroup;
			children = (
				BDEACDC416B18D00007FCF96 /* FioritoViewController.h */,
				BDEACDC516B18D00007FCF96 /* FioritoViewController.mm */,
				BDEACDBD16B189FD007FCF96 /* FioritoAttractor.h */,
				BDEACDBC16B189FD007FCF96 /* FioritoAttractor.mm */,
				BDEACDC016B18A97007FCF96 /* Attractor.h */,
				BDEACDC116B18A97007FCF96 /* Attractor.mm */,
				BDEACDC216B18A97007FCF96 /* Particle.h */,
			);
			name = fioritoApp;
			sourceTree = "<group>";
		};
		BDFDA92116C286BF0039626D /* images-table-test */ = {
			isa = PBXGroup;
			children = (
				E4975A0E16B9466B0042C70D /* 1.png */,
				E4975A0F16B9466B0042C70D /* 2.png */,
				E4975A1016B9466B0042C70D /* 3.png */,
				E4975A1116B9466B0042C70D /* 4.png */,
				E4975A1616B947B00042C70D /* 5.png */,
				E4975A1716B947B00042C70D /* 6.png */,
				E4296D1116B6C5CD00452DE5 /* effe.png */,
			);
			name = "images-table-test";
			sourceTree = "<group>";
		};
		BDFDA9F816C2AB4B0039626D /* VimeoHelper */ = {
			isa = PBXGroup;
			children = (
				BDFDA9F916C2AB4B0039626D /* vimeo.js.txt */,
				BDFDA9FA16C2AB4B0039626D /* VimeoHelper.h */,
				BDFDA9FB16C2AB4B0039626D /* VimeoHelper.m */,
			);
			path = VimeoHelper;
			sourceTree = "<group>";
		};
		BDFDAA0316C2B1660039626D /* YouTubeSource */ = {
			isa = PBXGroup;
			children = (
				BDE0B14C16C2C23C003F1FB0 /* LBYouTubeView */,
				BDE0B13E16C2BEF2003F1FB0 /* JSONTube */,
			);
			name = YouTubeSource;
			sourceTree = "<group>";
		};
		E41D40FE13B3A0D800A75A5D /* Products */ = {
			isa = PBXGroup;
			children = (
				E41D410213B3A0D800A75A5D /* libofxiPhone_iphoneos_Debug.a */,
			);
			name = Products;
			sourceTree = "<group>";
		};
		E4D8936A11527B74007E1F53 /* src */ = {
			isa = PBXGroup;
			children = (
				E4D8936B11527B74007E1F53 /* main.mm */,
				BD4FC28216B1718900EB70BD /* iPadStoryboard.storyboard */,
				914F466216AC3E1C00786D52 /* AppDelegate.h */,
				914F466316AC3E1C00786D52 /* AppDelegate.mm */,
				914F467816AC417600786D52 /* LaunchAppViewController.h */,
				914F467916AC417600786D52 /* LaunchAppViewController.mm */,
				BD1DFB4216C3AF39004D86F9 /* ModalTemplateViewController.h */,
				BD1DFB4316C3AF39004D86F9 /* ModalTemplateViewController.m */,
				BD1DFB4416C3AF3A004D86F9 /* ModalTemplateViewController.xib */,
				BD1DFA6316C39155004D86F9 /* UIElements */,
				E4DCA82E16B2B1B90011BE2A /* Data */,
				BD4FC28416B175AB00EB70BD /* viewcontrollers */,
				BD1DFB5F16C400D4004D86F9 /* scrollView */,
				BD1DFB2416C39892004D86F9 /* imageLoader */,
				BD667C6416B2CFF1005F959B /* webVideoPlayers */,
				BD667C3916B2C43D005F959B /* webConnection */,
				BD4FC28416B175AB00EB70BD /* viewcontrollers */,
				d1cfea8461b96256b1b8c57d5973712c /* openFrameworks Apps */,
			);
			path = src;
			sourceTree = SOURCE_ROOT;
		};
		E4DCA82E16B2B1B90011BE2A /* Data */ = {
			isa = PBXGroup;
			children = (
				E4F50A5D16B2E90A003A1B8C /* TestObjects.h */,
				E4F50A5E16B2E90A003A1B8C /* TestObjects.m */,
				E448D91816BBE65500140CAF /* TestObjectStore.h */,
				E448D91916BBE65500140CAF /* TestObjectStore.m */,
			);
			name = Data;
			sourceTree = "<group>";
		};
		d1cfea8461b96256b1b8c57d5973712c /* openFrameworks Apps */ = {
			isa = PBXGroup;
			children = (
				BDE30D1116B2EDD6002DA270 /* exampleApp */,
				BDE30D1016B2EDC3002DA270 /* boxesApp */,
				BD699D4216B2A1900028B5E0 /* cloudApp */,
				BDEACDBF16B18A74007FCF96 /* fioritoApp */,
			);
			name = "openFrameworks Apps";
			sourceTree = "<group>";
		};
/* End PBXGroup section */

/* Begin PBXNativeTarget section */
		1D6058900D05DD3D006BFB54 /* efePortfolio */ = {
			isa = PBXNativeTarget;
			buildConfigurationList = 1D6058960D05DD3E006BFB54 /* Build configuration list for PBXNativeTarget "efePortfolio" */;
			buildPhases = (
				1D60588D0D05DD3D006BFB54 /* Resources */,
				1D60588E0D05DD3D006BFB54 /* Sources */,
				1D60588F0D05DD3D006BFB54 /* Frameworks */,
				9255DD331112741900D6945E /* ShellScript */,
				914F466E16AC3F1A00786D52 /* ShellScript */,
			);
			buildRules = (
			);
			dependencies = (
				E41D410413B3A11300A75A5D /* PBXTargetDependency */,
			);
			name = efePortfolio;
			productName = iPhone;
			productReference = 1D6058910D05DD3D006BFB54 /* efePortfolio.app */;
			productType = "com.apple.product-type.application";
		};
/* End PBXNativeTarget section */

/* Begin PBXProject section */
		29B97313FDCFA39411CA2CEA /* Project object */ = {
			isa = PBXProject;
			attributes = {
				LastUpgradeCheck = 0460;
			};
			buildConfigurationList = C01FCF4E08A954540054247B /* Build configuration list for PBXProject "efePortfolio" */;
			compatibilityVersion = "Xcode 3.2";
			developmentRegion = English;
			hasScannedForEncodings = 1;
			knownRegions = (
				English,
				Japanese,
				French,
				German,
				en,
			);
			mainGroup = 29B97314FDCFA39411CA2CEA /* CustomTemplate */;
			projectDirPath = "";
			projectReferences = (
				{
					ProductGroup = E41D40FE13B3A0D800A75A5D /* Products */;
					ProjectRef = E41D40FD13B3A0D800A75A5D /* iOS+OFLib.xcodeproj */;
				},
			);
			projectRoot = "";
			targets = (
				1D6058900D05DD3D006BFB54 /* efePortfolio */,
			);
		};
/* End PBXProject section */

/* Begin PBXReferenceProxy section */
		E41D410213B3A0D800A75A5D /* libofxiPhone_iphoneos_Debug.a */ = {
			isa = PBXReferenceProxy;
			fileType = archive.ar;
			path = libofxiPhone_iphoneos_Debug.a;
			remoteRef = E41D410113B3A0D800A75A5D /* PBXContainerItemProxy */;
			sourceTree = BUILT_PRODUCTS_DIR;
		};
/* End PBXReferenceProxy section */

/* Begin PBXResourcesBuildPhase section */
		1D60588D0D05DD3D006BFB54 /* Resources */ = {
			isa = PBXResourcesBuildPhase;
			buildActionMask = 2147483647;
			files = (
				BD110ACB16B16BD8001F2642 /* Default-568h@2x.png in Resources */,
				BD4FC28316B1718900EB70BD /* iPadStoryboard.storyboard in Resources */,
				BD4FC2B816B17AC100EB70BD /* splash.png in Resources */,
				BD4FC2BA16B17AD100EB70BD /* Default-Portrait@2x~ipad.png in Resources */,
				BD4FC2BC16B17AD500EB70BD /* Default-Portrait~ipad.png in Resources */,
				BD4FC2BE16B17BEE00EB70BD /* Default-Landscape@2x~ipad.png in Resources */,
				BD4FC2C016B17BF200EB70BD /* Default-Landscape~ipad.png in Resources */,
				E4B894C816BFFE0400A496B0 /* InfoLog in Resources */,
				E4296CB816B69C4E00452DE5 /* PortifolioViewController.xib in Resources */,
				E4296D1216B6C5CD00452DE5 /* effe.png in Resources */,
				E4975A1216B9466B0042C70D /* 1.png in Resources */,
				E4975A1316B9466B0042C70D /* 2.png in Resources */,
				E4975A1416B9466B0042C70D /* 3.png in Resources */,
				E4975A1516B9466B0042C70D /* 4.png in Resources */,
				E4975A1816B947B00042C70D /* 5.png in Resources */,
				E4975A1916B947B00042C70D /* 6.png in Resources */,
				BD667C2F16B2AE53005F959B /* test72.png in Resources */,
				BDFDA92616C287840039626D /* ReachabilityTestViewController.xib in Resources */,
				BDFDA93216C28A2A0039626D /* InfoViewController.xib in Resources */,
				BDFDA93716C29A3A0039626D /* VimeoViewController.xib in Resources */,
				BDFDA9FC16C2AB4B0039626D /* vimeo.js.txt in Resources */,
				BDFDAA0216C2AF500039626D /* YouTubeJSONViewController.xib in Resources */,
				BDE0B14B16C2BFF0003F1FB0 /* YouTubeViewController.xib in Resources */,
				BD1DFB3116C398ED004D86F9 /* ImageCachedTestViewController.xib in Resources */,
				BD1DFB3516C39F20004D86F9 /* Segoe UI.ttf in Resources */,
				BD1DFB4016C3A626004D86F9 /* ActivityTestViewController.xib in Resources */,
				BD1DFB4616C3AF3B004D86F9 /* ModalTemplateViewController.xib in Resources */,
				BD1DFB4A16C3B197004D86F9 /* backgroundViews@2x.png in Resources */,
				BD1DFB4B16C3B197004D86F9 /* backgroundViews.png in Resources */,
				BD1DFB4D16C3CE10004D86F9 /* GillSans.ttc in Resources */,
				BD1DFB4F16C3CE93004D86F9 /* Trebuchet MS.ttf in Resources */,
				BD1DFB5416C3E882004D86F9 /* LoadImages.plist in Resources */,
				BD1DFB5916C3E8FA004D86F9 /* AsyncImageLoaderTestViewController.xib in Resources */,
				BD1DFB5E16C3EA83004D86F9 /* PhotoDetailViewController.xib in Resources */,
				BD1DFB6416C40207004D86F9 /* ScrollGalleryViewController.xib in Resources */,
			);
			runOnlyForDeploymentPostprocessing = 0;
		};
/* End PBXResourcesBuildPhase section */

/* Begin PBXShellScriptBuildPhase section */
		914F466E16AC3F1A00786D52 /* ShellScript */ = {
			isa = PBXShellScriptBuildPhase;
			buildActionMask = 2147483647;
			files = (
			);
			inputPaths = (
			);
			outputPaths = (
			);
			runOnlyForDeploymentPostprocessing = 0;
			shellPath = /bin/sh;
			shellScript = "# Auto Increment Version Script\nbuildPlist=${INFOPLIST_FILE}\nCFBundleVersion=$(/usr/libexec/PlistBuddy -c \"Print CFBundleVersion\" $buildPlist)\nCFBundleVersion=$(($CFBundleVersion + 1))\n/usr/libexec/PlistBuddy -c \"Set :CFBundleVersion $CFBundleVersion\" $buildPlist\n# CFBuildDate=$(date +%Y%m%d%H%M%S)\n# /usr/libexec/PlistBuddy -c \"Set :CFBuildDate $CFBuildDate\" $buildPlist";
		};
		9255DD331112741900D6945E /* ShellScript */ = {
			isa = PBXShellScriptBuildPhase;
			buildActionMask = 2147483647;
			files = (
			);
			inputPaths = (
			);
			outputPaths = (
			);
			runOnlyForDeploymentPostprocessing = 0;
			shellPath = /bin/sh;
			shellScript = "cp -rf bin/data/ \"$TARGET_BUILD_DIR/$PRODUCT_NAME.app\"\n";
		};
/* End PBXShellScriptBuildPhase section */

/* Begin PBXSourcesBuildPhase section */
		1D60588E0D05DD3D006BFB54 /* Sources */ = {
			isa = PBXSourcesBuildPhase;
			buildActionMask = 2147483647;
			files = (
				E4B894CD16C00DE800A496B0 /* proximityBoxes.cpp in Sources */,
				E4D8936E11527B74007E1F53 /* main.mm in Sources */,
				914F466616AC3E1C00786D52 /* AppDelegate.mm in Sources */,
				914F466C16AC3E2700786D52 /* ExampleOFApp.mm in Sources */,
				914F466D16AC3E2700786D52 /* ExampleOFAppViewController.mm in Sources */,
				914F467A16AC417600786D52 /* LaunchAppViewController.mm in Sources */,
				BDEACDBE16B189FD007FCF96 /* FioritoAttractor.mm in Sources */,
				BDEACDC316B18A97007FCF96 /* Attractor.mm in Sources */,
				BDEACDC616B18D00007FCF96 /* FioritoViewController.mm in Sources */,
				E4F50A5F16B2E90B003A1B8C /* TestObjects.m in Sources */,
				E4296CB716B69C4E00452DE5 /* PortifolioViewController.m in Sources */,
				E434AD5916B7EDF800267144 /* PortifolioCell.m in Sources */,
				E4975A7A16B965AC0042C70D /* PortifolioCellView.m in Sources */,
				E448D91A16BBE65500140CAF /* TestObjectStore.m in Sources */,
				BD699D3016B27CF20028B5E0 /* SimplePopoverView.m in Sources */,
				BD699D4516B2A1CE0028B5E0 /* ParticleCl.mm in Sources */,
				BD699D4816B2A2080028B5E0 /* Perlin.mm in Sources */,
				BD699D4B16B2A2840028B5E0 /* ParticleController.mm in Sources */,
				BD699D4E16B2A2F90028B5E0 /* CloudViewController.mm in Sources */,
				BD699D5116B2A3B00028B5E0 /* CloudGesture.mm in Sources */,
				BD667C6016B2CD8F005F959B /* Reachability.m in Sources */,
				BDE30D1416B2EDF7002DA270 /* BoxesViewController.mm in Sources */,
				BDE30D1716B2EE69002DA270 /* BoxesApp.mm in Sources */,
				BDFDA92516C287840039626D /* ReachabilityTestViewController.m in Sources */,
				BDFDA92916C288060039626D /* TextView.m in Sources */,
				BDFDA92C16C288120039626D /* IdleView.m in Sources */,
				BDFDA93116C28A2A0039626D /* InfoViewController.m in Sources */,
				BDFDA93616C29A3A0039626D /* VimeoViewController.m in Sources */,
				BDFDA9FD16C2AB4B0039626D /* VimeoHelper.m in Sources */,
				BDFDAA0116C2AF500039626D /* YouTubeJSONViewController.m in Sources */,
				BDFDAA0616C2B1750039626D /* FMYouTubeVideoSourceDetector.m in Sources */,
				BDE0B14A16C2BFF0003F1FB0 /* YouTubeViewController.m in Sources */,
				BDE0B15216C2C23C003F1FB0 /* LBYouTubeExtractor.m in Sources */,
				BDE0B15316C2C23C003F1FB0 /* LBYouTubePlayerController.m in Sources */,
				BD1DFA6B16C39178004D86F9 /* ABTabBar.m in Sources */,
				BD1DFA6C16C39178004D86F9 /* ABTabBarController.m in Sources */,
				BD1DFA6D16C39178004D86F9 /* AbTabBarItem.m in Sources */,
				BD1DFAA116C3938F004D86F9 /* PrettyCustomViewTableViewCell.m in Sources */,
				BD1DFAA216C3938F004D86F9 /* PrettyGridTableViewCell.m in Sources */,
				BD1DFAA316C3938F004D86F9 /* PrettySegmentedControlTableViewCell.m in Sources */,
				BD1DFAA416C3938F004D86F9 /* PrettyTableViewCell.m in Sources */,
				BD1DFAA516C3938F004D86F9 /* PrettyDrawing.m in Sources */,
				BD1DFAA616C3938F004D86F9 /* PrettyNavigationBar.m in Sources */,
				BD1DFAA716C3938F004D86F9 /* PrettyShadowPlainTableview.m in Sources */,
				BD1DFAA816C3938F004D86F9 /* PrettyTabBar.m in Sources */,
				BD1DFAA916C3938F004D86F9 /* PrettyToolbar.m in Sources */,
				BD1DFB2A16C398B8004D86F9 /* URLImageCached.m in Sources */,
				BD1DFB2B16C398B8004D86F9 /* URLImageLoadOperation.m in Sources */,
				BD1DFB3016C398ED004D86F9 /* ImageCachedTestViewController.m in Sources */,
				BD1DFB3816C3A116004D86F9 /* AUIActivityIndicator.m in Sources */,
				BD1DFB3B16C3A4E8004D86F9 /* DejalActivityView.m in Sources */,
				BD1DFB3F16C3A626004D86F9 /* ActivityTestViewController.m in Sources */,
				BD1DFB4516C3AF3B004D86F9 /* ModalTemplateViewController.m in Sources */,
				BD1DFB5216C3E7C0004D86F9 /* AsyncImageView.m in Sources */,
				BD1DFB5816C3E8FA004D86F9 /* AsyncImageLoaderTestViewController.m in Sources */,
				BD1DFB5D16C3EA83004D86F9 /* PhotoDetailViewController.m in Sources */,
				BD1DFB6316C40207004D86F9 /* ScrollGalleryViewController.m in Sources */,
				BD1DFB6716C40263004D86F9 /* ScrollGalleryView.m in Sources */,
			);
			runOnlyForDeploymentPostprocessing = 0;
		};
/* End PBXSourcesBuildPhase section */

/* Begin PBXTargetDependency section */
		E41D410413B3A11300A75A5D /* PBXTargetDependency */ = {
			isa = PBXTargetDependency;
			name = "iPhone+OF Static Library";
			targetProxy = E41D410313B3A11300A75A5D /* PBXContainerItemProxy */;
		};
/* End PBXTargetDependency section */

/* Begin XCBuildConfiguration section */
		1D6058940D05DD3E006BFB54 /* Debug */ = {
			isa = XCBuildConfiguration;
			buildSettings = {
				ALWAYS_SEARCH_USER_PATHS = NO;
				CLANG_ENABLE_OBJC_ARC = YES;
				GCC_PRECOMPILE_PREFIX_HEADER = YES;
				GCC_PREFIX_HEADER = iPhone_Prefix.pch;
				INFOPLIST_FILE = "ofxiphone-Info.plist";
				IPHONEOS_DEPLOYMENT_TARGET = 6.0;
				PRODUCT_NAME = efePortfolio;
				TARGETED_DEVICE_FAMILY = 2;
				VALID_ARCHS = "armv6 armv7";
			};
			name = Debug;
		};
		1D6058950D05DD3E006BFB54 /* Release */ = {
			isa = XCBuildConfiguration;
			buildSettings = {
				CLANG_ENABLE_OBJC_ARC = YES;
				GCC_PRECOMPILE_PREFIX_HEADER = YES;
				GCC_PREFIX_HEADER = iPhone_Prefix.pch;
				INFOPLIST_FILE = "ofxiphone-Info.plist";
				IPHONEOS_DEPLOYMENT_TARGET = 6.0;
				PRODUCT_NAME = efePortfolio;
				TARGETED_DEVICE_FAMILY = 2;
				VALID_ARCHS = "armv6 armv7";
			};
			name = Release;
		};
		C01FCF4F08A954540054247B /* Debug */ = {
			isa = XCBuildConfiguration;
			baseConfigurationReference = E41D3ED613B38FB500A75A5D /* Project.xcconfig */;
			buildSettings = {
				ALWAYS_SEARCH_USER_PATHS = YES;
				ARCHS = "$(ARCHS_STANDARD_32_BIT)";
				CODE_SIGN_IDENTITY = "";
				"CODE_SIGN_IDENTITY[sdk=iphoneos*]" = "iPhone Developer";
				COMPRESS_PNG_FILES = NO;
				GCC_C_LANGUAGE_STANDARD = c99;
				GCC_OPTIMIZATION_LEVEL = 0;
				GCC_SYMBOLS_PRIVATE_EXTERN = NO;
				GCC_WARN_ABOUT_DEPRECATED_FUNCTIONS = NO;
				GCC_WARN_ABOUT_INVALID_OFFSETOF_MACRO = NO;
				GCC_WARN_ABOUT_POINTER_SIGNEDNESS = NO;
				GCC_WARN_ABOUT_RETURN_TYPE = YES;
				GCC_WARN_ALLOW_INCOMPLETE_PROTOCOL = NO;
				GCC_WARN_PROTOTYPE_CONVERSION = NO;
				GCC_WARN_UNUSED_VARIABLE = YES;
				HEADER_SEARCH_PATHS = (
					"$(OF_CORE_HEADERS)",
					src,
					src/AppViewControllers,
					src/Apps,
					src/UI,
				);
				IPHONEOS_DEPLOYMENT_TARGET = 3.1;
				ONLY_ACTIVE_ARCH = NO;
				"PROVISIONING_PROFILE[sdk=iphoneos*]" = "";
				SDKROOT = iphoneos;
				TARGETED_DEVICE_FAMILY = 1;
				WARNING_LDFLAGS = "-no_arch_warnings";
			};
			name = Debug;
		};
		C01FCF5008A954540054247B /* Release */ = {
			isa = XCBuildConfiguration;
			baseConfigurationReference = E41D3ED613B38FB500A75A5D /* Project.xcconfig */;
			buildSettings = {
				ALWAYS_SEARCH_USER_PATHS = YES;
				ARCHS = "$(ARCHS_STANDARD_32_BIT)";
				CODE_SIGN_IDENTITY = "";
				"CODE_SIGN_IDENTITY[sdk=iphoneos*]" = "iPhone Developer";
				COMPRESS_PNG_FILES = NO;
				GCC_C_LANGUAGE_STANDARD = c99;
				GCC_DYNAMIC_NO_PIC = YES;
				GCC_GENERATE_DEBUGGING_SYMBOLS = NO;
				GCC_OPTIMIZATION_LEVEL = 3;
				GCC_SYMBOLS_PRIVATE_EXTERN = NO;
				GCC_THUMB_SUPPORT = NO;
				GCC_WARN_ABOUT_RETURN_TYPE = YES;
				GCC_WARN_UNUSED_VARIABLE = YES;
				HEADER_SEARCH_PATHS = (
					"$(OF_CORE_HEADERS)",
					src,
					src/AppViewControllers,
					src/Apps,
					src/UI,
				);
				IPHONEOS_DEPLOYMENT_TARGET = 3.1;
				ONLY_ACTIVE_ARCH = NO;
				SDKROOT = iphoneos;
				TARGETED_DEVICE_FAMILY = 1;
				WARNING_LDFLAGS = "-no_arch_warnings";
			};
			name = Release;
		};
/* End XCBuildConfiguration section */

/* Begin XCConfigurationList section */
		1D6058960D05DD3E006BFB54 /* Build configuration list for PBXNativeTarget "efePortfolio" */ = {
			isa = XCConfigurationList;
			buildConfigurations = (
				1D6058940D05DD3E006BFB54 /* Debug */,
				1D6058950D05DD3E006BFB54 /* Release */,
			);
			defaultConfigurationIsVisible = 0;
			defaultConfigurationName = Release;
		};
		C01FCF4E08A954540054247B /* Build configuration list for PBXProject "efePortfolio" */ = {
			isa = XCConfigurationList;
			buildConfigurations = (
				C01FCF4F08A954540054247B /* Debug */,
				C01FCF5008A954540054247B /* Release */,
			);
			defaultConfigurationIsVisible = 0;
			defaultConfigurationName = Release;
		};
/* End XCConfigurationList section */
	};
	rootObject = 29B97313FDCFA39411CA2CEA /* Project object */;
}
